// !$*UTF8*$!
{
	archiveVersion = 1;
	classes = {
	};
	objectVersion = 46;
	objects = {

/* Begin PBXBuildFile section */
		D60D4F5119D8568900654BC0 /* openGlCanvas.cpp in Sources */ = {isa = PBXBuildFile; fileRef = D64890F9198D98DD001636B5 /* openGlCanvas.cpp */; };
		D6155FA519BD0D410039F8FA /* fwSuperShape.cpp in Sources */ = {isa = PBXBuildFile; fileRef = D6155FA419BD0D410039F8FA /* fwSuperShape.cpp */; };
		D6155FA819BD12320039F8FA /* fwRadiositySuperShape.cpp in Sources */ = {isa = PBXBuildFile; fileRef = D6155FA719BD12320039F8FA /* fwRadiositySuperShape.cpp */; };
		D61CBED219A2CF0E00CF7DAD /* fwDrawBatch.cpp in Sources */ = {isa = PBXBuildFile; fileRef = D61CBED119A2CF0E00CF7DAD /* fwDrawBatch.cpp */; };
		D61CBED519A693A400CF7DAD /* fwQuad2dBatch.cpp in Sources */ = {isa = PBXBuildFile; fileRef = D61CBED419A693A400CF7DAD /* fwQuad2dBatch.cpp */; };
		D6315A6F19AA25570045B472 /* fwSceneNode.cpp in Sources */ = {isa = PBXBuildFile; fileRef = D6315A6E19AA25570045B472 /* fwSceneNode.cpp */; };
		D6315A7319AA661C0045B472 /* coreArray.cpp in Sources */ = {isa = PBXBuildFile; fileRef = D6315A7219AA661C0045B472 /* coreArray.cpp */; };
		D639B0781997B6100036741C /* fwFont.cpp in Sources */ = {isa = PBXBuildFile; fileRef = D639B0771997B6100036741C /* fwFont.cpp */; };
		D6489121198D98DD001636B5 /* fw.cpp in Sources */ = {isa = PBXBuildFile; fileRef = D64890BA198D98DD001636B5 /* fw.cpp */; };
		D6489122198D98DD001636B5 /* fwCamera.cpp in Sources */ = {isa = PBXBuildFile; fileRef = D64890BC198D98DD001636B5 /* fwCamera.cpp */; };
		D6489123198D98DD001636B5 /* fwCanvasViewer.cpp in Sources */ = {isa = PBXBuildFile; fileRef = D64890BE198D98DD001636B5 /* fwCanvasViewer.cpp */; };
		D6489129198D98DD001636B5 /* fwLight.cpp in Sources */ = {isa = PBXBuildFile; fileRef = D64890CB198D98DD001636B5 /* fwLight.cpp */; };
		D648912B198D98DD001636B5 /* fwMesh.cpp in Sources */ = {isa = PBXBuildFile; fileRef = D64890CF198D98DD001636B5 /* fwMesh.cpp */; };
		D6489130198D98DD001636B5 /* aabb.cpp in Sources */ = {isa = PBXBuildFile; fileRef = D64890DB198D98DD001636B5 /* aabb.cpp */; };
		D6489131198D98DD001636B5 /* frustum.cpp in Sources */ = {isa = PBXBuildFile; fileRef = D64890DD198D98DD001636B5 /* frustum.cpp */; };
		D6489132198D98DD001636B5 /* geometry.cpp in Sources */ = {isa = PBXBuildFile; fileRef = D64890DF198D98DD001636B5 /* geometry.cpp */; };
		D6489133198D98DD001636B5 /* intersect.cpp in Sources */ = {isa = PBXBuildFile; fileRef = D64890E1198D98DD001636B5 /* intersect.cpp */; };
		D6489134198D98DD001636B5 /* line.cpp in Sources */ = {isa = PBXBuildFile; fileRef = D64890E3198D98DD001636B5 /* line.cpp */; };
		D6489136198D98DD001636B5 /* plane.cpp in Sources */ = {isa = PBXBuildFile; fileRef = D64890E7198D98DD001636B5 /* plane.cpp */; };
		D6489138198D98DD001636B5 /* gs.cpp in Sources */ = {isa = PBXBuildFile; fileRef = D64890EC198D98DD001636B5 /* gs.cpp */; };
		D6489139198D98DD001636B5 /* gsCanvas.cpp in Sources */ = {isa = PBXBuildFile; fileRef = D64890EE198D98DD001636B5 /* gsCanvas.cpp */; };
		D648913A198D98DD001636B5 /* gsShader.cpp in Sources */ = {isa = PBXBuildFile; fileRef = D64890F4198D98DD001636B5 /* gsShader.cpp */; };
		D648913B198D98DD001636B5 /* gsTexture.cpp in Sources */ = {isa = PBXBuildFile; fileRef = D64890F6198D98DD001636B5 /* gsTexture.cpp */; };
		D648913C198D98DD001636B5 /* openGl.cpp in Sources */ = {isa = PBXBuildFile; fileRef = D64890F8198D98DD001636B5 /* openGl.cpp */; };
		D6489142198D98DD001636B5 /* openGlShader.cpp in Sources */ = {isa = PBXBuildFile; fileRef = D64890FF198D98DD001636B5 /* openGlShader.cpp */; };
		D6489143198D98DD001636B5 /* openGlTexture.cpp in Sources */ = {isa = PBXBuildFile; fileRef = D6489100198D98DD001636B5 /* openGlTexture.cpp */; };
		D6489144198D98DD001636B5 /* ios.mm in Sources */ = {isa = PBXBuildFile; fileRef = D6489104198D98DD001636B5 /* ios.mm */; };
		D6489145198D98DD001636B5 /* iosKeyboard.mm in Sources */ = {isa = PBXBuildFile; fileRef = D6489105198D98DD001636B5 /* iosKeyboard.mm */; };
		D6489146198D98DD001636B5 /* iosMouse.mm in Sources */ = {isa = PBXBuildFile; fileRef = D6489106198D98DD001636B5 /* iosMouse.mm */; };
		D6489147198D98DD001636B5 /* iosWindow.mm in Sources */ = {isa = PBXBuildFile; fileRef = D6489107198D98DD001636B5 /* iosWindow.mm */; };
		D6489148198D98DD001636B5 /* mac.mm in Sources */ = {isa = PBXBuildFile; fileRef = D6489109198D98DD001636B5 /* mac.mm */; };
		D6489149198D98DD001636B5 /* macKeyboard.mm in Sources */ = {isa = PBXBuildFile; fileRef = D648910A198D98DD001636B5 /* macKeyboard.mm */; };
		D648914A198D98DD001636B5 /* macMouse.mm in Sources */ = {isa = PBXBuildFile; fileRef = D648910B198D98DD001636B5 /* macMouse.mm */; };
		D648914B198D98DD001636B5 /* macWindow.mm in Sources */ = {isa = PBXBuildFile; fileRef = D648910C198D98DD001636B5 /* macWindow.mm */; };
		D648914C198D98DD001636B5 /* os.cpp in Sources */ = {isa = PBXBuildFile; fileRef = D648910D198D98DD001636B5 /* os.cpp */; };
		D648914D198D98DD001636B5 /* osKeyboard.cpp in Sources */ = {isa = PBXBuildFile; fileRef = D6489113198D98DD001636B5 /* osKeyboard.cpp */; };
		D648914E198D98DD001636B5 /* osMouse.cpp in Sources */ = {isa = PBXBuildFile; fileRef = D6489115198D98DD001636B5 /* osMouse.cpp */; };
		D648914F198D98DD001636B5 /* osTouch.cpp in Sources */ = {isa = PBXBuildFile; fileRef = D6489117198D98DD001636B5 /* osTouch.cpp */; };
		D6489150198D98DD001636B5 /* osWindow.cpp in Sources */ = {isa = PBXBuildFile; fileRef = D6489119198D98DD001636B5 /* osWindow.cpp */; };
		D668581716FB4445007C002F /* lights_osx.1 in CopyFiles */ = {isa = PBXBuildFile; fileRef = D668581616FB4445007C002F /* lights_osx.1 */; };
		D66858B416FB452C007C002F /* OpenGL.framework in Frameworks */ = {isa = PBXBuildFile; fileRef = D66858B316FB452C007C002F /* OpenGL.framework */; };
		D673D01C19A0D01A00243153 /* coreAssert.cpp in Sources */ = {isa = PBXBuildFile; fileRef = D673D00C19A0D01A00243153 /* coreAssert.cpp */; };
		D673D01D19A0D01A00243153 /* coreMath.cpp in Sources */ = {isa = PBXBuildFile; fileRef = D673D00E19A0D01A00243153 /* coreMath.cpp */; };
		D673D01E19A0D01A00243153 /* coreMemory.cpp in Sources */ = {isa = PBXBuildFile; fileRef = D673D01019A0D01A00243153 /* coreMemory.cpp */; };
		D673D02019A0D01A00243153 /* coreString.cpp in Sources */ = {isa = PBXBuildFile; fileRef = D673D01519A0D01A00243153 /* coreString.cpp */; };
		D673D02219A0D01A00243153 /* coreTime.cpp in Sources */ = {isa = PBXBuildFile; fileRef = D673D01A19A0D01A00243153 /* coreTime.cpp */; };
		D673D02419A0D08F00243153 /* core.cpp in Sources */ = {isa = PBXBuildFile; fileRef = D673D02319A0D08F00243153 /* core.cpp */; };
		D674325416FB4C1C005B905C /* IOKit.framework in Frameworks */ = {isa = PBXBuildFile; fileRef = D674325316FB4C1C005B905C /* IOKit.framework */; };
		D674325E16FB4CE4005B905C /* Cocoa.framework in Frameworks */ = {isa = PBXBuildFile; fileRef = D674325D16FB4CE4005B905C /* Cocoa.framework */; };
		D675868119BB3AFD00E0A3F8 /* fwCube.cpp in Sources */ = {isa = PBXBuildFile; fileRef = D675868019BB3AFD00E0A3F8 /* fwCube.cpp */; };
		D675868419BB5EEB00E0A3F8 /* fwCubeBatch.cpp in Sources */ = {isa = PBXBuildFile; fileRef = D675868319BB5EEB00E0A3F8 /* fwCubeBatch.cpp */; };
		D675868719BBB3AF00E0A3F8 /* fwRadiosityCube.cpp in Sources */ = {isa = PBXBuildFile; fileRef = D675868619BBB3AF00E0A3F8 /* fwRadiosityCube.cpp */; };
		D675868A19BBB3DD00E0A3F8 /* fwSceneNodeComponent.cpp in Sources */ = {isa = PBXBuildFile; fileRef = D675868919BBB3DD00E0A3F8 /* fwSceneNodeComponent.cpp */; };
		D6B4FAEC198D8DC400018556 /* lighting.cpp in Sources */ = {isa = PBXBuildFile; fileRef = D6B4FAE6198D8DC400018556 /* lighting.cpp */; };
		D6B4FAED198D8DC400018556 /* main.cpp in Sources */ = {isa = PBXBuildFile; fileRef = D6B4FAE8198D8DC400018556 /* main.cpp */; };
		D6D1E94619A80F1900FE2541 /* fwQuad2d.cpp in Sources */ = {isa = PBXBuildFile; fileRef = D6D1E94519A80F1900FE2541 /* fwQuad2d.cpp */; };
		D6D1E94919A8DD5D00FE2541 /* fwShader.cpp in Sources */ = {isa = PBXBuildFile; fileRef = D6D1E94819A8DD5D00FE2541 /* fwShader.cpp */; };
		D6F564F619ABE3DC00411D9B /* fwRadiosityRenderer.cpp in Sources */ = {isa = PBXBuildFile; fileRef = D6F564F519ABE3DC00411D9B /* fwRadiosityRenderer.cpp */; };
/* End PBXBuildFile section */

/* Begin PBXCopyFilesBuildPhase section */
		D668580E16FB4445007C002F /* CopyFiles */ = {
			isa = PBXCopyFilesBuildPhase;
			buildActionMask = 2147483647;
			dstPath = /usr/share/man/man1/;
			dstSubfolderSpec = 0;
			files = (
				D668581716FB4445007C002F /* lights_osx.1 in CopyFiles */,
			);
			runOnlyForDeploymentPostprocessing = 1;
		};
/* End PBXCopyFilesBuildPhase section */

/* Begin PBXFileReference section */
		D60D4F4D19D717A400654BC0 /* fwRadiosityRendererMono.cpp */ = {isa = PBXFileReference; fileEncoding = 4; lastKnownFileType = sourcecode.cpp.cpp; path = fwRadiosityRendererMono.cpp; sourceTree = "<group>"; };
		D60D4F4E19D717A400654BC0 /* fwRadiosityRendererMono.h */ = {isa = PBXFileReference; fileEncoding = 4; lastKnownFileType = sourcecode.c.h; path = fwRadiosityRendererMono.h; sourceTree = "<group>"; };
		D6155FA419BD0D410039F8FA /* fwSuperShape.cpp */ = {isa = PBXFileReference; fileEncoding = 4; lastKnownFileType = sourcecode.cpp.cpp; path = fwSuperShape.cpp; sourceTree = "<group>"; };
		D6155FA619BD0D4F0039F8FA /* fwSuperShape.h */ = {isa = PBXFileReference; lastKnownFileType = sourcecode.c.h; path = fwSuperShape.h; sourceTree = "<group>"; };
		D6155FA719BD12320039F8FA /* fwRadiositySuperShape.cpp */ = {isa = PBXFileReference; fileEncoding = 4; lastKnownFileType = sourcecode.cpp.cpp; path = fwRadiositySuperShape.cpp; sourceTree = "<group>"; };
		D6155FA919BD12490039F8FA /* fwRadiositySuperShape.h */ = {isa = PBXFileReference; lastKnownFileType = sourcecode.c.h; path = fwRadiositySuperShape.h; sourceTree = "<group>"; };
		D61CBED119A2CF0E00CF7DAD /* fwDrawBatch.cpp */ = {isa = PBXFileReference; fileEncoding = 4; lastKnownFileType = sourcecode.cpp.cpp; path = fwDrawBatch.cpp; sourceTree = "<group>"; };
		D61CBED319A2CF2A00CF7DAD /* fwDrawBatch.h */ = {isa = PBXFileReference; lastKnownFileType = sourcecode.c.h; path = fwDrawBatch.h; sourceTree = "<group>"; };
		D61CBED419A693A400CF7DAD /* fwQuad2dBatch.cpp */ = {isa = PBXFileReference; fileEncoding = 4; lastKnownFileType = sourcecode.cpp.cpp; path = fwQuad2dBatch.cpp; sourceTree = "<group>"; };
		D6315A6E19AA25570045B472 /* fwSceneNode.cpp */ = {isa = PBXFileReference; fileEncoding = 4; lastKnownFileType = sourcecode.cpp.cpp; path = fwSceneNode.cpp; sourceTree = "<group>"; };
		D6315A7019AA25650045B472 /* fwSceneNode.h */ = {isa = PBXFileReference; lastKnownFileType = sourcecode.c.h; path = fwSceneNode.h; sourceTree = "<group>"; };
		D6315A7119AA61EE0045B472 /* coreArray.h */ = {isa = PBXFileReference; lastKnownFileType = sourcecode.c.h; path = coreArray.h; sourceTree = "<group>"; };
		D6315A7219AA661C0045B472 /* coreArray.cpp */ = {isa = PBXFileReference; fileEncoding = 4; lastKnownFileType = sourcecode.cpp.cpp; path = coreArray.cpp; sourceTree = "<group>"; };
		D639B0771997B6100036741C /* fwFont.cpp */ = {isa = PBXFileReference; fileEncoding = 4; lastKnownFileType = sourcecode.cpp.cpp; path = fwFont.cpp; sourceTree = "<group>"; };
		D639B0791997DB380036741C /* fwFont.h */ = {isa = PBXFileReference; lastKnownFileType = sourcecode.c.h; path = fwFont.h; sourceTree = "<group>"; };
		D64890BA198D98DD001636B5 /* fw.cpp */ = {isa = PBXFileReference; fileEncoding = 4; lastKnownFileType = sourcecode.cpp.cpp; path = fw.cpp; sourceTree = "<group>"; };
		D64890BB198D98DD001636B5 /* fw.h */ = {isa = PBXFileReference; fileEncoding = 4; lastKnownFileType = sourcecode.c.h; path = fw.h; sourceTree = "<group>"; };
		D64890BC198D98DD001636B5 /* fwCamera.cpp */ = {isa = PBXFileReference; fileEncoding = 4; lastKnownFileType = sourcecode.cpp.cpp; path = fwCamera.cpp; sourceTree = "<group>"; };
		D64890BD198D98DD001636B5 /* fwCamera.h */ = {isa = PBXFileReference; fileEncoding = 4; lastKnownFileType = sourcecode.c.h; path = fwCamera.h; sourceTree = "<group>"; };
		D64890BE198D98DD001636B5 /* fwCanvasViewer.cpp */ = {isa = PBXFileReference; fileEncoding = 4; lastKnownFileType = sourcecode.cpp.cpp; path = fwCanvasViewer.cpp; sourceTree = "<group>"; };
		D64890BF198D98DD001636B5 /* fwCanvasViewer.h */ = {isa = PBXFileReference; fileEncoding = 4; lastKnownFileType = sourcecode.c.h; path = fwCanvasViewer.h; sourceTree = "<group>"; };
		D64890CB198D98DD001636B5 /* fwLight.cpp */ = {isa = PBXFileReference; fileEncoding = 4; lastKnownFileType = sourcecode.cpp.cpp; path = fwLight.cpp; sourceTree = "<group>"; };
		D64890CC198D98DD001636B5 /* fwLight.h */ = {isa = PBXFileReference; fileEncoding = 4; lastKnownFileType = sourcecode.c.h; path = fwLight.h; sourceTree = "<group>"; };
		D64890CF198D98DD001636B5 /* fwMesh.cpp */ = {isa = PBXFileReference; fileEncoding = 4; lastKnownFileType = sourcecode.cpp.cpp; path = fwMesh.cpp; sourceTree = "<group>"; };
		D64890D0198D98DD001636B5 /* fwMesh.h */ = {isa = PBXFileReference; fileEncoding = 4; lastKnownFileType = sourcecode.c.h; path = fwMesh.h; sourceTree = "<group>"; };
		D64890D5198D98DD001636B5 /* fwRect.h */ = {isa = PBXFileReference; fileEncoding = 4; lastKnownFileType = sourcecode.c.h; path = fwRect.h; sourceTree = "<group>"; };
		D64890DB198D98DD001636B5 /* aabb.cpp */ = {isa = PBXFileReference; fileEncoding = 4; lastKnownFileType = sourcecode.cpp.cpp; path = aabb.cpp; sourceTree = "<group>"; };
		D64890DC198D98DD001636B5 /* aabb.h */ = {isa = PBXFileReference; fileEncoding = 4; lastKnownFileType = sourcecode.c.h; path = aabb.h; sourceTree = "<group>"; };
		D64890DD198D98DD001636B5 /* frustum.cpp */ = {isa = PBXFileReference; fileEncoding = 4; lastKnownFileType = sourcecode.cpp.cpp; path = frustum.cpp; sourceTree = "<group>"; };
		D64890DE198D98DD001636B5 /* frustum.h */ = {isa = PBXFileReference; fileEncoding = 4; lastKnownFileType = sourcecode.c.h; path = frustum.h; sourceTree = "<group>"; };
		D64890DF198D98DD001636B5 /* geometry.cpp */ = {isa = PBXFileReference; fileEncoding = 4; lastKnownFileType = sourcecode.cpp.cpp; path = geometry.cpp; sourceTree = "<group>"; };
		D64890E0198D98DD001636B5 /* geometry.h */ = {isa = PBXFileReference; fileEncoding = 4; lastKnownFileType = sourcecode.c.h; path = geometry.h; sourceTree = "<group>"; };
		D64890E1198D98DD001636B5 /* intersect.cpp */ = {isa = PBXFileReference; fileEncoding = 4; lastKnownFileType = sourcecode.cpp.cpp; path = intersect.cpp; sourceTree = "<group>"; };
		D64890E2198D98DD001636B5 /* intersect.h */ = {isa = PBXFileReference; fileEncoding = 4; lastKnownFileType = sourcecode.c.h; path = intersect.h; sourceTree = "<group>"; };
		D64890E3198D98DD001636B5 /* line.cpp */ = {isa = PBXFileReference; fileEncoding = 4; lastKnownFileType = sourcecode.cpp.cpp; path = line.cpp; sourceTree = "<group>"; };
		D64890E4198D98DD001636B5 /* line.h */ = {isa = PBXFileReference; fileEncoding = 4; lastKnownFileType = sourcecode.c.h; path = line.h; sourceTree = "<group>"; };
		D64890E7198D98DD001636B5 /* plane.cpp */ = {isa = PBXFileReference; fileEncoding = 4; lastKnownFileType = sourcecode.cpp.cpp; path = plane.cpp; sourceTree = "<group>"; };
		D64890E8198D98DD001636B5 /* plane.h */ = {isa = PBXFileReference; fileEncoding = 4; lastKnownFileType = sourcecode.c.h; path = plane.h; sourceTree = "<group>"; };
		D64890EC198D98DD001636B5 /* gs.cpp */ = {isa = PBXFileReference; fileEncoding = 4; lastKnownFileType = sourcecode.cpp.cpp; path = gs.cpp; sourceTree = "<group>"; };
		D64890ED198D98DD001636B5 /* gs.h */ = {isa = PBXFileReference; fileEncoding = 4; lastKnownFileType = sourcecode.c.h; path = gs.h; sourceTree = "<group>"; };
		D64890EE198D98DD001636B5 /* gsCanvas.cpp */ = {isa = PBXFileReference; fileEncoding = 4; lastKnownFileType = sourcecode.cpp.cpp; path = gsCanvas.cpp; sourceTree = "<group>"; };
		D64890EF198D98DD001636B5 /* gsCanvas.h */ = {isa = PBXFileReference; fileEncoding = 4; lastKnownFileType = sourcecode.c.h; path = gsCanvas.h; sourceTree = "<group>"; };
		D64890F0198D98DD001636B5 /* gsHw.h */ = {isa = PBXFileReference; fileEncoding = 4; lastKnownFileType = sourcecode.c.h; path = gsHw.h; sourceTree = "<group>"; };
		D64890F1198D98DD001636B5 /* gsHwCanvas.h */ = {isa = PBXFileReference; fileEncoding = 4; lastKnownFileType = sourcecode.c.h; path = gsHwCanvas.h; sourceTree = "<group>"; };
		D64890F2198D98DD001636B5 /* gsHwShader.h */ = {isa = PBXFileReference; fileEncoding = 4; lastKnownFileType = sourcecode.c.h; path = gsHwShader.h; sourceTree = "<group>"; };
		D64890F3198D98DD001636B5 /* gsHwTexture.h */ = {isa = PBXFileReference; fileEncoding = 4; lastKnownFileType = sourcecode.c.h; path = gsHwTexture.h; sourceTree = "<group>"; };
		D64890F4198D98DD001636B5 /* gsShader.cpp */ = {isa = PBXFileReference; fileEncoding = 4; lastKnownFileType = sourcecode.cpp.cpp; path = gsShader.cpp; sourceTree = "<group>"; };
		D64890F5198D98DD001636B5 /* gsShader.h */ = {isa = PBXFileReference; fileEncoding = 4; lastKnownFileType = sourcecode.c.h; path = gsShader.h; sourceTree = "<group>"; };
		D64890F6198D98DD001636B5 /* gsTexture.cpp */ = {isa = PBXFileReference; fileEncoding = 4; lastKnownFileType = sourcecode.cpp.cpp; path = gsTexture.cpp; sourceTree = "<group>"; };
		D64890F7198D98DD001636B5 /* gsTexture.h */ = {isa = PBXFileReference; fileEncoding = 4; lastKnownFileType = sourcecode.c.h; path = gsTexture.h; sourceTree = "<group>"; };
		D64890F8198D98DD001636B5 /* openGl.cpp */ = {isa = PBXFileReference; fileEncoding = 4; lastKnownFileType = sourcecode.cpp.cpp; path = openGl.cpp; sourceTree = "<group>"; };
		D64890F9198D98DD001636B5 /* openGlCanvas.cpp */ = {isa = PBXFileReference; fileEncoding = 4; lastKnownFileType = sourcecode.cpp.cpp; path = openGlCanvas.cpp; sourceTree = "<group>"; };
		D64890FF198D98DD001636B5 /* openGlShader.cpp */ = {isa = PBXFileReference; fileEncoding = 4; lastKnownFileType = sourcecode.cpp.cpp; path = openGlShader.cpp; sourceTree = "<group>"; };
		D6489100198D98DD001636B5 /* openGlTexture.cpp */ = {isa = PBXFileReference; fileEncoding = 4; lastKnownFileType = sourcecode.cpp.cpp; path = openGlTexture.cpp; sourceTree = "<group>"; };
		D6489101198D98DD001636B5 /* openGlTexture.h */ = {isa = PBXFileReference; fileEncoding = 4; lastKnownFileType = sourcecode.c.h; path = openGlTexture.h; sourceTree = "<group>"; };
		D6489103198D98DD001636B5 /* ios.h */ = {isa = PBXFileReference; fileEncoding = 4; lastKnownFileType = sourcecode.c.h; path = ios.h; sourceTree = "<group>"; };
		D6489104198D98DD001636B5 /* ios.mm */ = {isa = PBXFileReference; fileEncoding = 4; lastKnownFileType = sourcecode.cpp.objcpp; path = ios.mm; sourceTree = "<group>"; };
		D6489105198D98DD001636B5 /* iosKeyboard.mm */ = {isa = PBXFileReference; fileEncoding = 4; lastKnownFileType = sourcecode.cpp.objcpp; path = iosKeyboard.mm; sourceTree = "<group>"; };
		D6489106198D98DD001636B5 /* iosMouse.mm */ = {isa = PBXFileReference; fileEncoding = 4; lastKnownFileType = sourcecode.cpp.objcpp; path = iosMouse.mm; sourceTree = "<group>"; };
		D6489107198D98DD001636B5 /* iosWindow.mm */ = {isa = PBXFileReference; fileEncoding = 4; lastKnownFileType = sourcecode.cpp.objcpp; path = iosWindow.mm; sourceTree = "<group>"; };
		D6489108198D98DD001636B5 /* mac.h */ = {isa = PBXFileReference; fileEncoding = 4; lastKnownFileType = sourcecode.c.h; path = mac.h; sourceTree = "<group>"; };
		D6489109198D98DD001636B5 /* mac.mm */ = {isa = PBXFileReference; fileEncoding = 4; lastKnownFileType = sourcecode.cpp.objcpp; path = mac.mm; sourceTree = "<group>"; };
		D648910A198D98DD001636B5 /* macKeyboard.mm */ = {isa = PBXFileReference; fileEncoding = 4; lastKnownFileType = sourcecode.cpp.objcpp; path = macKeyboard.mm; sourceTree = "<group>"; };
		D648910B198D98DD001636B5 /* macMouse.mm */ = {isa = PBXFileReference; fileEncoding = 4; lastKnownFileType = sourcecode.cpp.objcpp; path = macMouse.mm; sourceTree = "<group>"; };
		D648910C198D98DD001636B5 /* macWindow.mm */ = {isa = PBXFileReference; fileEncoding = 4; lastKnownFileType = sourcecode.cpp.objcpp; path = macWindow.mm; sourceTree = "<group>"; };
		D648910D198D98DD001636B5 /* os.cpp */ = {isa = PBXFileReference; fileEncoding = 4; lastKnownFileType = sourcecode.cpp.cpp; path = os.cpp; sourceTree = "<group>"; };
		D648910E198D98DD001636B5 /* os.h */ = {isa = PBXFileReference; fileEncoding = 4; lastKnownFileType = sourcecode.c.h; path = os.h; sourceTree = "<group>"; };
		D648910F198D98DD001636B5 /* osHw.h */ = {isa = PBXFileReference; fileEncoding = 4; lastKnownFileType = sourcecode.c.h; path = osHw.h; sourceTree = "<group>"; };
		D6489110198D98DD001636B5 /* osHwKeyboard.h */ = {isa = PBXFileReference; fileEncoding = 4; lastKnownFileType = sourcecode.c.h; path = osHwKeyboard.h; sourceTree = "<group>"; };
		D6489111198D98DD001636B5 /* osHwMouse.h */ = {isa = PBXFileReference; fileEncoding = 4; lastKnownFileType = sourcecode.c.h; path = osHwMouse.h; sourceTree = "<group>"; };
		D6489112198D98DD001636B5 /* osHwWindow.h */ = {isa = PBXFileReference; fileEncoding = 4; lastKnownFileType = sourcecode.c.h; path = osHwWindow.h; sourceTree = "<group>"; };
		D6489113198D98DD001636B5 /* osKeyboard.cpp */ = {isa = PBXFileReference; fileEncoding = 4; lastKnownFileType = sourcecode.cpp.cpp; path = osKeyboard.cpp; sourceTree = "<group>"; };
		D6489114198D98DD001636B5 /* osKeyboard.h */ = {isa = PBXFileReference; fileEncoding = 4; lastKnownFileType = sourcecode.c.h; path = osKeyboard.h; sourceTree = "<group>"; };
		D6489115198D98DD001636B5 /* osMouse.cpp */ = {isa = PBXFileReference; fileEncoding = 4; lastKnownFileType = sourcecode.cpp.cpp; path = osMouse.cpp; sourceTree = "<group>"; };
		D6489116198D98DD001636B5 /* osMouse.h */ = {isa = PBXFileReference; fileEncoding = 4; lastKnownFileType = sourcecode.c.h; path = osMouse.h; sourceTree = "<group>"; };
		D6489117198D98DD001636B5 /* osTouch.cpp */ = {isa = PBXFileReference; fileEncoding = 4; lastKnownFileType = sourcecode.cpp.cpp; path = osTouch.cpp; sourceTree = "<group>"; };
		D6489118198D98DD001636B5 /* osTouch.h */ = {isa = PBXFileReference; fileEncoding = 4; lastKnownFileType = sourcecode.c.h; path = osTouch.h; sourceTree = "<group>"; };
		D6489119198D98DD001636B5 /* osWindow.cpp */ = {isa = PBXFileReference; fileEncoding = 4; lastKnownFileType = sourcecode.cpp.cpp; path = osWindow.cpp; sourceTree = "<group>"; };
		D648911A198D98DD001636B5 /* osWindow.h */ = {isa = PBXFileReference; fileEncoding = 4; lastKnownFileType = sourcecode.c.h; path = osWindow.h; sourceTree = "<group>"; };
		D6511C2219B344E800A8F016 /* fwQuad2dBatch.h */ = {isa = PBXFileReference; lastKnownFileType = sourcecode.c.h; path = fwQuad2dBatch.h; sourceTree = "<group>"; };
		D668581016FB4445007C002F /* lights_osx */ = {isa = PBXFileReference; explicitFileType = "compiled.mach-o.executable"; includeInIndex = 0; path = lights_osx; sourceTree = BUILT_PRODUCTS_DIR; };
		D668581616FB4445007C002F /* lights_osx.1 */ = {isa = PBXFileReference; lastKnownFileType = text.man; path = lights_osx.1; sourceTree = "<group>"; };
		D66858B316FB452C007C002F /* OpenGL.framework */ = {isa = PBXFileReference; lastKnownFileType = wrapper.framework; name = OpenGL.framework; path = ../../../../../../../System/Library/Frameworks/OpenGL.framework; sourceTree = "<group>"; };
		D673D00B19A0D01A00243153 /* core.h */ = {isa = PBXFileReference; fileEncoding = 4; lastKnownFileType = sourcecode.c.h; path = core.h; sourceTree = "<group>"; };
		D673D00C19A0D01A00243153 /* coreAssert.cpp */ = {isa = PBXFileReference; fileEncoding = 4; lastKnownFileType = sourcecode.cpp.cpp; path = coreAssert.cpp; sourceTree = "<group>"; };
		D673D00D19A0D01A00243153 /* coreAssert.h */ = {isa = PBXFileReference; fileEncoding = 4; lastKnownFileType = sourcecode.c.h; path = coreAssert.h; sourceTree = "<group>"; };
		D673D00E19A0D01A00243153 /* coreMath.cpp */ = {isa = PBXFileReference; fileEncoding = 4; lastKnownFileType = sourcecode.cpp.cpp; path = coreMath.cpp; sourceTree = "<group>"; };
		D673D00F19A0D01A00243153 /* coreMath.h */ = {isa = PBXFileReference; fileEncoding = 4; lastKnownFileType = sourcecode.c.h; path = coreMath.h; sourceTree = "<group>"; };
		D673D01019A0D01A00243153 /* coreMemory.cpp */ = {isa = PBXFileReference; fileEncoding = 4; lastKnownFileType = sourcecode.cpp.cpp; path = coreMemory.cpp; sourceTree = "<group>"; };
		D673D01119A0D01A00243153 /* coreMemory.h */ = {isa = PBXFileReference; fileEncoding = 4; lastKnownFileType = sourcecode.c.h; path = coreMemory.h; sourceTree = "<group>"; };
		D673D01419A0D01A00243153 /* corePool.h */ = {isa = PBXFileReference; fileEncoding = 4; lastKnownFileType = sourcecode.c.h; path = corePool.h; sourceTree = "<group>"; };
		D673D01519A0D01A00243153 /* coreString.cpp */ = {isa = PBXFileReference; fileEncoding = 4; lastKnownFileType = sourcecode.cpp.cpp; path = coreString.cpp; sourceTree = "<group>"; };
		D673D01619A0D01A00243153 /* coreString.h */ = {isa = PBXFileReference; fileEncoding = 4; lastKnownFileType = sourcecode.c.h; path = coreString.h; sourceTree = "<group>"; };
		D673D01A19A0D01A00243153 /* coreTime.cpp */ = {isa = PBXFileReference; fileEncoding = 4; lastKnownFileType = sourcecode.cpp.cpp; path = coreTime.cpp; sourceTree = "<group>"; };
		D673D01B19A0D01A00243153 /* coreTime.h */ = {isa = PBXFileReference; fileEncoding = 4; lastKnownFileType = sourcecode.c.h; path = coreTime.h; sourceTree = "<group>"; };
		D673D02319A0D08F00243153 /* core.cpp */ = {isa = PBXFileReference; fileEncoding = 4; lastKnownFileType = sourcecode.cpp.cpp; path = core.cpp; sourceTree = "<group>"; };
		D674325316FB4C1C005B905C /* IOKit.framework */ = {isa = PBXFileReference; lastKnownFileType = wrapper.framework; name = IOKit.framework; path = ../../../../../../../System/Library/Frameworks/IOKit.framework; sourceTree = "<group>"; };
		D674325D16FB4CE4005B905C /* Cocoa.framework */ = {isa = PBXFileReference; lastKnownFileType = wrapper.framework; name = Cocoa.framework; path = ../../../../../../../System/Library/Frameworks/Cocoa.framework; sourceTree = "<group>"; };
		D675868019BB3AFD00E0A3F8 /* fwCube.cpp */ = {isa = PBXFileReference; fileEncoding = 4; lastKnownFileType = sourcecode.cpp.cpp; path = fwCube.cpp; sourceTree = "<group>"; };
		D675868219BB3B0D00E0A3F8 /* fwCube.h */ = {isa = PBXFileReference; lastKnownFileType = sourcecode.c.h; path = fwCube.h; sourceTree = "<group>"; };
		D675868319BB5EEB00E0A3F8 /* fwCubeBatch.cpp */ = {isa = PBXFileReference; fileEncoding = 4; lastKnownFileType = sourcecode.cpp.cpp; path = fwCubeBatch.cpp; sourceTree = "<group>"; };
		D675868519BB5EFC00E0A3F8 /* fwCubeBatch.h */ = {isa = PBXFileReference; lastKnownFileType = sourcecode.c.h; path = fwCubeBatch.h; sourceTree = "<group>"; };
		D675868619BBB3AF00E0A3F8 /* fwRadiosityCube.cpp */ = {isa = PBXFileReference; fileEncoding = 4; lastKnownFileType = sourcecode.cpp.cpp; path = fwRadiosityCube.cpp; sourceTree = "<group>"; };
		D675868819BBB3BD00E0A3F8 /* fwRadiosityCube.h */ = {isa = PBXFileReference; lastKnownFileType = sourcecode.c.h; path = fwRadiosityCube.h; sourceTree = "<group>"; };
		D675868919BBB3DD00E0A3F8 /* fwSceneNodeComponent.cpp */ = {isa = PBXFileReference; fileEncoding = 4; lastKnownFileType = sourcecode.cpp.cpp; path = fwSceneNodeComponent.cpp; sourceTree = "<group>"; };
		D675868B19BBB3EF00E0A3F8 /* fwSceneNodeComponent.h */ = {isa = PBXFileReference; lastKnownFileType = sourcecode.c.h; path = fwSceneNodeComponent.h; sourceTree = "<group>"; };
		D6B4FAE6198D8DC400018556 /* lighting.cpp */ = {isa = PBXFileReference; fileEncoding = 4; lastKnownFileType = sourcecode.cpp.cpp; name = lighting.cpp; path = lights/lighting.cpp; sourceTree = SOURCE_ROOT; };
		D6B4FAE7198D8DC400018556 /* lighting.h */ = {isa = PBXFileReference; fileEncoding = 4; lastKnownFileType = sourcecode.c.h; name = lighting.h; path = lights/lighting.h; sourceTree = SOURCE_ROOT; };
		D6B4FAE8198D8DC400018556 /* main.cpp */ = {isa = PBXFileReference; fileEncoding = 4; lastKnownFileType = sourcecode.cpp.cpp; name = main.cpp; path = lights/main.cpp; sourceTree = SOURCE_ROOT; };
		D6BED42319A0DBD5006F1175 /* coreVector.h */ = {isa = PBXFileReference; lastKnownFileType = sourcecode.c.h; path = coreVector.h; sourceTree = "<group>"; };
		D6BED42419A0DEC6006F1175 /* coreMatrix.h */ = {isa = PBXFileReference; lastKnownFileType = sourcecode.c.h; path = coreMatrix.h; sourceTree = "<group>"; };
		D6D1E94519A80F1900FE2541 /* fwQuad2d.cpp */ = {isa = PBXFileReference; fileEncoding = 4; lastKnownFileType = sourcecode.cpp.cpp; path = fwQuad2d.cpp; sourceTree = "<group>"; };
		D6D1E94719A80F3300FE2541 /* fwQuad2d.h */ = {isa = PBXFileReference; lastKnownFileType = sourcecode.c.h; path = fwQuad2d.h; sourceTree = "<group>"; };
		D6D1E94819A8DD5D00FE2541 /* fwShader.cpp */ = {isa = PBXFileReference; fileEncoding = 4; lastKnownFileType = sourcecode.cpp.cpp; path = fwShader.cpp; sourceTree = "<group>"; };
		D6D1E94A19A8DD7600FE2541 /* fwShader.h */ = {isa = PBXFileReference; lastKnownFileType = sourcecode.c.h; path = fwShader.h; sourceTree = "<group>"; };
		D6F564F319ABDEEB00411D9B /* fwRenderer.h */ = {isa = PBXFileReference; lastKnownFileType = sourcecode.c.h; path = fwRenderer.h; sourceTree = "<group>"; };
		D6F564F419ABE3C700411D9B /* fwRadiosityRenderer.h */ = {isa = PBXFileReference; lastKnownFileType = sourcecode.c.h; path = fwRadiosityRenderer.h; sourceTree = "<group>"; };
		D6F564F519ABE3DC00411D9B /* fwRadiosityRenderer.cpp */ = {isa = PBXFileReference; fileEncoding = 4; lastKnownFileType = sourcecode.cpp.cpp; path = fwRadiosityRenderer.cpp; sourceTree = "<group>"; };
/* End PBXFileReference section */

/* Begin PBXFrameworksBuildPhase section */
		D668580D16FB4445007C002F /* Frameworks */ = {
			isa = PBXFrameworksBuildPhase;
			buildActionMask = 2147483647;
			files = (
				D66858B416FB452C007C002F /* OpenGL.framework in Frameworks */,
				D674325416FB4C1C005B905C /* IOKit.framework in Frameworks */,
				D674325E16FB4CE4005B905C /* Cocoa.framework in Frameworks */,
			);
			runOnlyForDeploymentPostprocessing = 0;
		};
/* End PBXFrameworksBuildPhase section */

/* Begin PBXGroup section */
		D64890AB198D98DD001636B5 /* engine */ = {
			isa = PBXGroup;
			children = (
				D673D00A19A0D01A00243153 /* core */,
				D64890B9198D98DD001636B5 /* fw */,
				D64890DA198D98DD001636B5 /* geometry */,
				D64890EB198D98DD001636B5 /* gs */,
				D6489102198D98DD001636B5 /* os */,
			);
			name = engine;
			path = ../engine;
			sourceTree = "<group>";
		};
		D64890B9198D98DD001636B5 /* fw */ = {
			isa = PBXGroup;
			children = (
				D64890BA198D98DD001636B5 /* fw.cpp */,
				D64890BB198D98DD001636B5 /* fw.h */,
				D64890BC198D98DD001636B5 /* fwCamera.cpp */,
				D64890BD198D98DD001636B5 /* fwCamera.h */,
				D64890BE198D98DD001636B5 /* fwCanvasViewer.cpp */,
				D64890BF198D98DD001636B5 /* fwCanvasViewer.h */,
				D675868019BB3AFD00E0A3F8 /* fwCube.cpp */,
				D675868219BB3B0D00E0A3F8 /* fwCube.h */,
				D675868319BB5EEB00E0A3F8 /* fwCubeBatch.cpp */,
				D675868519BB5EFC00E0A3F8 /* fwCubeBatch.h */,
				D61CBED119A2CF0E00CF7DAD /* fwDrawBatch.cpp */,
				D61CBED319A2CF2A00CF7DAD /* fwDrawBatch.h */,
				D639B0771997B6100036741C /* fwFont.cpp */,
				D639B0791997DB380036741C /* fwFont.h */,
				D64890CB198D98DD001636B5 /* fwLight.cpp */,
				D64890CC198D98DD001636B5 /* fwLight.h */,
				D64890CF198D98DD001636B5 /* fwMesh.cpp */,
				D64890D0198D98DD001636B5 /* fwMesh.h */,
				D6D1E94519A80F1900FE2541 /* fwQuad2d.cpp */,
				D6D1E94719A80F3300FE2541 /* fwQuad2d.h */,
				D61CBED419A693A400CF7DAD /* fwQuad2dBatch.cpp */,
				D6511C2219B344E800A8F016 /* fwQuad2dBatch.h */,
				D675868619BBB3AF00E0A3F8 /* fwRadiosityCube.cpp */,
				D675868819BBB3BD00E0A3F8 /* fwRadiosityCube.h */,
				D6F564F519ABE3DC00411D9B /* fwRadiosityRenderer.cpp */,
				D6F564F419ABE3C700411D9B /* fwRadiosityRenderer.h */,
				D60D4F4D19D717A400654BC0 /* fwRadiosityRendererMono.cpp */,
				D60D4F4E19D717A400654BC0 /* fwRadiosityRendererMono.h */,
				D6155FA719BD12320039F8FA /* fwRadiositySuperShape.cpp */,
				D6155FA919BD12490039F8FA /* fwRadiositySuperShape.h */,
				D64890D5198D98DD001636B5 /* fwRect.h */,
				D6F564F319ABDEEB00411D9B /* fwRenderer.h */,
				D6315A6E19AA25570045B472 /* fwSceneNode.cpp */,
				D6315A7019AA25650045B472 /* fwSceneNode.h */,
				D675868919BBB3DD00E0A3F8 /* fwSceneNodeComponent.cpp */,
				D675868B19BBB3EF00E0A3F8 /* fwSceneNodeComponent.h */,
				D6D1E94819A8DD5D00FE2541 /* fwShader.cpp */,
				D6D1E94A19A8DD7600FE2541 /* fwShader.h */,
				D6155FA419BD0D410039F8FA /* fwSuperShape.cpp */,
				D6155FA619BD0D4F0039F8FA /* fwSuperShape.h */,
			);
			path = fw;
			sourceTree = "<group>";
		};
		D64890DA198D98DD001636B5 /* geometry */ = {
			isa = PBXGroup;
			children = (
				D64890DB198D98DD001636B5 /* aabb.cpp */,
				D64890DC198D98DD001636B5 /* aabb.h */,
				D64890DD198D98DD001636B5 /* frustum.cpp */,
				D64890DE198D98DD001636B5 /* frustum.h */,
				D64890DF198D98DD001636B5 /* geometry.cpp */,
				D64890E0198D98DD001636B5 /* geometry.h */,
				D64890E1198D98DD001636B5 /* intersect.cpp */,
				D64890E2198D98DD001636B5 /* intersect.h */,
				D64890E3198D98DD001636B5 /* line.cpp */,
				D64890E4198D98DD001636B5 /* line.h */,
				D64890E7198D98DD001636B5 /* plane.cpp */,
				D64890E8198D98DD001636B5 /* plane.h */,
			);
			path = geometry;
			sourceTree = "<group>";
		};
		D64890EB198D98DD001636B5 /* gs */ = {
			isa = PBXGroup;
			children = (
				D64890EC198D98DD001636B5 /* gs.cpp */,
				D64890ED198D98DD001636B5 /* gs.h */,
				D64890EE198D98DD001636B5 /* gsCanvas.cpp */,
				D64890EF198D98DD001636B5 /* gsCanvas.h */,
				D64890F0198D98DD001636B5 /* gsHw.h */,
				D64890F1198D98DD001636B5 /* gsHwCanvas.h */,
				D64890F2198D98DD001636B5 /* gsHwShader.h */,
				D64890F3198D98DD001636B5 /* gsHwTexture.h */,
				D64890F4198D98DD001636B5 /* gsShader.cpp */,
				D64890F5198D98DD001636B5 /* gsShader.h */,
				D64890F6198D98DD001636B5 /* gsTexture.cpp */,
				D64890F7198D98DD001636B5 /* gsTexture.h */,
				D64890F8198D98DD001636B5 /* openGl.cpp */,
				D64890F9198D98DD001636B5 /* openGlCanvas.cpp */,
				D64890FF198D98DD001636B5 /* openGlShader.cpp */,
				D6489100198D98DD001636B5 /* openGlTexture.cpp */,
				D6489101198D98DD001636B5 /* openGlTexture.h */,
			);
			path = gs;
			sourceTree = "<group>";
		};
		D6489102198D98DD001636B5 /* os */ = {
			isa = PBXGroup;
			children = (
				D6489103198D98DD001636B5 /* ios.h */,
				D6489104198D98DD001636B5 /* ios.mm */,
				D6489105198D98DD001636B5 /* iosKeyboard.mm */,
				D6489106198D98DD001636B5 /* iosMouse.mm */,
				D6489107198D98DD001636B5 /* iosWindow.mm */,
				D6489108198D98DD001636B5 /* mac.h */,
				D6489109198D98DD001636B5 /* mac.mm */,
				D648910A198D98DD001636B5 /* macKeyboard.mm */,
				D648910B198D98DD001636B5 /* macMouse.mm */,
				D648910C198D98DD001636B5 /* macWindow.mm */,
				D648910D198D98DD001636B5 /* os.cpp */,
				D648910E198D98DD001636B5 /* os.h */,
				D648910F198D98DD001636B5 /* osHw.h */,
				D6489110198D98DD001636B5 /* osHwKeyboard.h */,
				D6489111198D98DD001636B5 /* osHwMouse.h */,
				D6489112198D98DD001636B5 /* osHwWindow.h */,
				D6489113198D98DD001636B5 /* osKeyboard.cpp */,
				D6489114198D98DD001636B5 /* osKeyboard.h */,
				D6489115198D98DD001636B5 /* osMouse.cpp */,
				D6489116198D98DD001636B5 /* osMouse.h */,
				D6489117198D98DD001636B5 /* osTouch.cpp */,
				D6489118198D98DD001636B5 /* osTouch.h */,
				D6489119198D98DD001636B5 /* osWindow.cpp */,
				D648911A198D98DD001636B5 /* osWindow.h */,
			);
			path = os;
			sourceTree = "<group>";
		};
		D668580516FB4445007C002F = {
			isa = PBXGroup;
			children = (
				D64890AB198D98DD001636B5 /* engine */,
				D6B4FAE3198D8DB400018556 /* lights */,
				D668581316FB4445007C002F /* lights_osx */,
				D668581116FB4445007C002F /* Products */,
			);
			sourceTree = "<group>";
		};
		D668581116FB4445007C002F /* Products */ = {
			isa = PBXGroup;
			children = (
				D668581016FB4445007C002F /* lights_osx */,
			);
			name = Products;
			sourceTree = "<group>";
		};
		D668581316FB4445007C002F /* lights_osx */ = {
			isa = PBXGroup;
			children = (
				D674325D16FB4CE4005B905C /* Cocoa.framework */,
				D674325316FB4C1C005B905C /* IOKit.framework */,
				D66858B316FB452C007C002F /* OpenGL.framework */,
				D668581616FB4445007C002F /* lights_osx.1 */,
			);
			name = lights_osx;
			path = zhangshufeng;
			sourceTree = "<group>";
		};
		D673D00A19A0D01A00243153 /* core */ = {
			isa = PBXGroup;
			children = (
				D673D02319A0D08F00243153 /* core.cpp */,
				D673D00B19A0D01A00243153 /* core.h */,
				D6315A7219AA661C0045B472 /* coreArray.cpp */,
				D6315A7119AA61EE0045B472 /* coreArray.h */,
				D673D00C19A0D01A00243153 /* coreAssert.cpp */,
				D673D00D19A0D01A00243153 /* coreAssert.h */,
				D673D00E19A0D01A00243153 /* coreMath.cpp */,
				D673D00F19A0D01A00243153 /* coreMath.h */,
				D6BED42419A0DEC6006F1175 /* coreMatrix.h */,
				D673D01019A0D01A00243153 /* coreMemory.cpp */,
				D673D01119A0D01A00243153 /* coreMemory.h */,
				D673D01419A0D01A00243153 /* corePool.h */,
				D673D01519A0D01A00243153 /* coreString.cpp */,
				D673D01619A0D01A00243153 /* coreString.h */,
				D673D01A19A0D01A00243153 /* coreTime.cpp */,
				D673D01B19A0D01A00243153 /* coreTime.h */,
				D6BED42319A0DBD5006F1175 /* coreVector.h */,
			);
			path = core;
			sourceTree = "<group>";
		};
		D6B4FAE3198D8DB400018556 /* lights */ = {
			isa = PBXGroup;
			children = (
				D6B4FAE6198D8DC400018556 /* lighting.cpp */,
				D6B4FAE7198D8DC400018556 /* lighting.h */,
				D6B4FAE8198D8DC400018556 /* main.cpp */,
			);
			name = lights;
			path = zhangshufeng;
			sourceTree = "<group>";
		};
/* End PBXGroup section */

/* Begin PBXNativeTarget section */
		D668580F16FB4445007C002F /* lights_osx */ = {
			isa = PBXNativeTarget;
			buildConfigurationList = D668581A16FB4445007C002F /* Build configuration list for PBXNativeTarget "lights_osx" */;
			buildPhases = (
				D668580C16FB4445007C002F /* Sources */,
				D668580D16FB4445007C002F /* Frameworks */,
				D668580E16FB4445007C002F /* CopyFiles */,
			);
			buildRules = (
			);
			dependencies = (
			);
			name = lights_osx;
			productName = zhangshufeng;
			productReference = D668581016FB4445007C002F /* lights_osx */;
			productType = "com.apple.product-type.tool";
		};
/* End PBXNativeTarget section */

/* Begin PBXProject section */
		D668580716FB4445007C002F /* Project object */ = {
			isa = PBXProject;
			attributes = {
				LastUpgradeCheck = 0450;
				ORGANIZATIONNAME = organization;
			};
			buildConfigurationList = D668580A16FB4445007C002F /* Build configuration list for PBXProject "lights_osx" */;
			compatibilityVersion = "Xcode 3.2";
			developmentRegion = English;
			hasScannedForEncodings = 0;
			knownRegions = (
				en,
			);
			mainGroup = D668580516FB4445007C002F;
			productRefGroup = D668581116FB4445007C002F /* Products */;
			projectDirPath = "";
			projectRoot = "";
			targets = (
				D668580F16FB4445007C002F /* lights_osx */,
			);
		};
/* End PBXProject section */

/* Begin PBXSourcesBuildPhase section */
		D668580C16FB4445007C002F /* Sources */ = {
			isa = PBXSourcesBuildPhase;
			buildActionMask = 2147483647;
			files = (
				D6489145198D98DD001636B5 /* iosKeyboard.mm in Sources */,
				D6489139198D98DD001636B5 /* gsCanvas.cpp in Sources */,
				D675868719BBB3AF00E0A3F8 /* fwRadiosityCube.cpp in Sources */,
				D6489132198D98DD001636B5 /* geometry.cpp in Sources */,
				D6B4FAEC198D8DC400018556 /* lighting.cpp in Sources */,
				D6489147198D98DD001636B5 /* iosWindow.mm in Sources */,
				D648914A198D98DD001636B5 /* macMouse.mm in Sources */,
				D648914C198D98DD001636B5 /* os.cpp in Sources */,
				D6489136198D98DD001636B5 /* plane.cpp in Sources */,
				D6489121198D98DD001636B5 /* fw.cpp in Sources */,
				D6489130198D98DD001636B5 /* aabb.cpp in Sources */,
				D673D02219A0D01A00243153 /* coreTime.cpp in Sources */,
				D6489123198D98DD001636B5 /* fwCanvasViewer.cpp in Sources */,
				D673D01E19A0D01A00243153 /* coreMemory.cpp in Sources */,
				D639B0781997B6100036741C /* fwFont.cpp in Sources */,
				D648913C198D98DD001636B5 /* openGl.cpp in Sources */,
				D6D1E94619A80F1900FE2541 /* fwQuad2d.cpp in Sources */,
				D6489150198D98DD001636B5 /* osWindow.cpp in Sources */,
				D6489138198D98DD001636B5 /* gs.cpp in Sources */,
				D6F564F619ABE3DC00411D9B /* fwRadiosityRenderer.cpp in Sources */,
				D675868419BB5EEB00E0A3F8 /* fwCubeBatch.cpp in Sources */,
				D6315A6F19AA25570045B472 /* fwSceneNode.cpp in Sources */,
				D648914D198D98DD001636B5 /* osKeyboard.cpp in Sources */,
				D648912B198D98DD001636B5 /* fwMesh.cpp in Sources */,
				D648914B198D98DD001636B5 /* macWindow.mm in Sources */,
				D648913A198D98DD001636B5 /* gsShader.cpp in Sources */,
				D648913B198D98DD001636B5 /* gsTexture.cpp in Sources */,
				D673D01C19A0D01A00243153 /* coreAssert.cpp in Sources */,
				D6489122198D98DD001636B5 /* fwCamera.cpp in Sources */,
				D675868A19BBB3DD00E0A3F8 /* fwSceneNodeComponent.cpp in Sources */,
				D6B4FAED198D8DC400018556 /* main.cpp in Sources */,
				D6155FA519BD0D410039F8FA /* fwSuperShape.cpp in Sources */,
				D6489144198D98DD001636B5 /* ios.mm in Sources */,
				D6489142198D98DD001636B5 /* openGlShader.cpp in Sources */,
				D61CBED519A693A400CF7DAD /* fwQuad2dBatch.cpp in Sources */,
				D6489134198D98DD001636B5 /* line.cpp in Sources */,
				D6489146198D98DD001636B5 /* iosMouse.mm in Sources */,
				D6489129198D98DD001636B5 /* fwLight.cpp in Sources */,
				D6489131198D98DD001636B5 /* frustum.cpp in Sources */,
				D648914E198D98DD001636B5 /* osMouse.cpp in Sources */,
				D6489148198D98DD001636B5 /* mac.mm in Sources */,
				D6489133198D98DD001636B5 /* intersect.cpp in Sources */,
				D6315A7319AA661C0045B472 /* coreArray.cpp in Sources */,
				D6D1E94919A8DD5D00FE2541 /* fwShader.cpp in Sources */,
				D673D02019A0D01A00243153 /* coreString.cpp in Sources */,
				D61CBED219A2CF0E00CF7DAD /* fwDrawBatch.cpp in Sources */,
				D673D01D19A0D01A00243153 /* coreMath.cpp in Sources */,
				D6489143198D98DD001636B5 /* openGlTexture.cpp in Sources */,
				D6155FA819BD12320039F8FA /* fwRadiositySuperShape.cpp in Sources */,
				D675868119BB3AFD00E0A3F8 /* fwCube.cpp in Sources */,
				D648914F198D98DD001636B5 /* osTouch.cpp in Sources */,
				D673D02419A0D08F00243153 /* core.cpp in Sources */,
				D60D4F5119D8568900654BC0 /* openGlCanvas.cpp in Sources */,
				D6489149198D98DD001636B5 /* macKeyboard.mm in Sources */,
			);
			runOnlyForDeploymentPostprocessing = 0;
		};
/* End PBXSourcesBuildPhase section */

/* Begin XCBuildConfiguration section */
		D668581816FB4445007C002F /* Debug */ = {
			isa = XCBuildConfiguration;
			buildSettings = {
				ALWAYS_SEARCH_USER_PATHS = YES;
				ARCHS = "$(ARCHS_STANDARD_64_BIT)";
				CLANG_CXX_LANGUAGE_STANDARD = "gnu++0x";
				CLANG_CXX_LIBRARY = "libc++";
				CLANG_WARN_EMPTY_BODY = YES;
				CLANG_WARN__DUPLICATE_METHOD_MATCH = YES;
				COPY_PHASE_STRIP = NO;
				GCC_C_LANGUAGE_STANDARD = gnu99;
				GCC_DYNAMIC_NO_PIC = NO;
				GCC_ENABLE_OBJC_EXCEPTIONS = YES;
				GCC_OPTIMIZATION_LEVEL = 0;
				GCC_PREPROCESSOR_DEFINITIONS = (
					"DEBUG=1",
					"$(inherited)",
				);
				GCC_SYMBOLS_PRIVATE_EXTERN = NO;
				GCC_WARN_64_TO_32_BIT_CONVERSION = YES;
				GCC_WARN_ABOUT_RETURN_TYPE = YES;
				GCC_WARN_UNINITIALIZED_AUTOS = YES;
				GCC_WARN_UNUSED_VARIABLE = YES;
				HEADER_SEARCH_PATHS = "";
				MACOSX_DEPLOYMENT_TARGET = 10.7;
				ONLY_ACTIVE_ARCH = YES;
				SDKROOT = macosx;
				USER_HEADER_SEARCH_PATHS = "$(SRCROOT)/../engine";
			};
			name = Debug;
		};
		D668581916FB4445007C002F /* Release */ = {
			isa = XCBuildConfiguration;
			buildSettings = {
				ALWAYS_SEARCH_USER_PATHS = YES;
				ARCHS = "$(ARCHS_STANDARD_64_BIT)";
				CLANG_CXX_LANGUAGE_STANDARD = "gnu++0x";
				CLANG_CXX_LIBRARY = "libc++";
				CLANG_WARN_EMPTY_BODY = YES;
				CLANG_WARN__DUPLICATE_METHOD_MATCH = YES;
				COPY_PHASE_STRIP = YES;
				DEBUG_INFORMATION_FORMAT = "dwarf-with-dsym";
				GCC_C_LANGUAGE_STANDARD = gnu99;
				GCC_ENABLE_OBJC_EXCEPTIONS = YES;
				GCC_WARN_64_TO_32_BIT_CONVERSION = YES;
				GCC_WARN_ABOUT_RETURN_TYPE = YES;
				GCC_WARN_UNINITIALIZED_AUTOS = YES;
				GCC_WARN_UNUSED_VARIABLE = YES;
				HEADER_SEARCH_PATHS = "";
				MACOSX_DEPLOYMENT_TARGET = 10.7;
				SDKROOT = macosx;
				USER_HEADER_SEARCH_PATHS = "$(SRCROOT)/../engine";
			};
			name = Release;
		};
		D668581B16FB4445007C002F /* Debug */ = {
			isa = XCBuildConfiguration;
			buildSettings = {
				FRAMEWORK_SEARCH_PATHS = "$(inherited)";
				HEADER_SEARCH_PATHS = "";
				PRODUCT_NAME = lights_osx;
				USER_HEADER_SEARCH_PATHS = "$(SRCROOT)/../engine";
			};
			name = Debug;
		};
		D668581C16FB4445007C002F /* Release */ = {
			isa = XCBuildConfiguration;
			buildSettings = {
				FRAMEWORK_SEARCH_PATHS = "$(inherited)";
				HEADER_SEARCH_PATHS = "";
				PRODUCT_NAME = lights_osx;
				USER_HEADER_SEARCH_PATHS = "$(SRCROOT)/../engine";
			};
			name = Release;
		};
/* End XCBuildConfiguration section */

/* Begin XCConfigurationList section */
		D668580A16FB4445007C002F /* Build configuration list for PBXProject "lights_osx" */ = {
			isa = XCConfigurationList;
			buildConfigurations = (
				D668581816FB4445007C002F /* Debug */,
				D668581916FB4445007C002F /* Release */,
			);
			defaultConfigurationIsVisible = 0;
			defaultConfigurationName = Release;
		};
		D668581A16FB4445007C002F /* Build configuration list for PBXNativeTarget "lights_osx" */ = {
			isa = XCConfigurationList;
			buildConfigurations = (
				D668581B16FB4445007C002F /* Debug */,
				D668581C16FB4445007C002F /* Release */,
			);
			defaultConfigurationIsVisible = 0;
			defaultConfigurationName = Release;
		};
/* End XCConfigurationList section */
	};
	rootObject = D668580716FB4445007C002F /* Project object */;
}
