// !$*UTF8*$!
{
	archiveVersion = 1;
	classes = {
	};
	objectVersion = 46;
	objects = {

/* Begin PBXBuildFile section */
		D622FE06198EEB2B006D4A83 /* cubeRenderer.cpp in Sources */ = {isa = PBXBuildFile; fileRef = D622FE04198EEB2B006D4A83 /* cubeRenderer.cpp */; };
		D622FE09198EEB71006D4A83 /* renderer.cpp in Sources */ = {isa = PBXBuildFile; fileRef = D622FE07198EEB71006D4A83 /* renderer.cpp */; };
		D6906C7419AA1F940054BC1C /* core.cpp in Sources */ = {isa = PBXBuildFile; fileRef = D6906C0619AA1F940054BC1C /* core.cpp */; };
		D6906C7519AA1F940054BC1C /* coreAssert.cpp in Sources */ = {isa = PBXBuildFile; fileRef = D6906C0819AA1F940054BC1C /* coreAssert.cpp */; };
		D6906C7619AA1F940054BC1C /* coreMath.cpp in Sources */ = {isa = PBXBuildFile; fileRef = D6906C0A19AA1F940054BC1C /* coreMath.cpp */; };
		D6906C7719AA1F940054BC1C /* coreMemory.cpp in Sources */ = {isa = PBXBuildFile; fileRef = D6906C0D19AA1F940054BC1C /* coreMemory.cpp */; };
		D6906C7819AA1F940054BC1C /* coreString.cpp in Sources */ = {isa = PBXBuildFile; fileRef = D6906C1019AA1F940054BC1C /* coreString.cpp */; };
		D6906C7919AA1F940054BC1C /* coreStringData.cpp in Sources */ = {isa = PBXBuildFile; fileRef = D6906C1219AA1F940054BC1C /* coreStringData.cpp */; };
		D6906C7A19AA1F940054BC1C /* coreTime.cpp in Sources */ = {isa = PBXBuildFile; fileRef = D6906C1519AA1F940054BC1C /* coreTime.cpp */; };
		D6906C7B19AA1F940054BC1C /* fw.cpp in Sources */ = {isa = PBXBuildFile; fileRef = D6906C1919AA1F940054BC1C /* fw.cpp */; };
		D6906C7C19AA1F940054BC1C /* fwCamera.cpp in Sources */ = {isa = PBXBuildFile; fileRef = D6906C1B19AA1F940054BC1C /* fwCamera.cpp */; };
		D6906C7D19AA1F940054BC1C /* fwCanvasViewer.cpp in Sources */ = {isa = PBXBuildFile; fileRef = D6906C1D19AA1F940054BC1C /* fwCanvasViewer.cpp */; };
		D6906C7E19AA1F940054BC1C /* fwComponentFactory.cpp in Sources */ = {isa = PBXBuildFile; fileRef = D6906C2019AA1F940054BC1C /* fwComponentFactory.cpp */; };
		D6906C7F19AA1F940054BC1C /* fwCube.cpp in Sources */ = {isa = PBXBuildFile; fileRef = D6906C2219AA1F940054BC1C /* fwCube.cpp */; };
		D6906C8019AA1F940054BC1C /* fwCubeComponent.cpp in Sources */ = {isa = PBXBuildFile; fileRef = D6906C2419AA1F940054BC1C /* fwCubeComponent.cpp */; };
		D6906C8119AA1F940054BC1C /* fwDrawBatch.cpp in Sources */ = {isa = PBXBuildFile; fileRef = D6906C2619AA1F940054BC1C /* fwDrawBatch.cpp */; };
		D6906C8219AA1F940054BC1C /* fwFont.cpp in Sources */ = {isa = PBXBuildFile; fileRef = D6906C2819AA1F940054BC1C /* fwFont.cpp */; };
		D6906C8319AA1F940054BC1C /* fwLight.cpp in Sources */ = {isa = PBXBuildFile; fileRef = D6906C2A19AA1F940054BC1C /* fwLight.cpp */; };
		D6906C8419AA1F940054BC1C /* fwMaterial.cpp in Sources */ = {isa = PBXBuildFile; fileRef = D6906C2C19AA1F940054BC1C /* fwMaterial.cpp */; };
		D6906C8519AA1F940054BC1C /* fwMesh.cpp in Sources */ = {isa = PBXBuildFile; fileRef = D6906C2E19AA1F940054BC1C /* fwMesh.cpp */; };
		D6906C8619AA1F940054BC1C /* fwObjectFactory.cpp in Sources */ = {isa = PBXBuildFile; fileRef = D6906C3119AA1F940054BC1C /* fwObjectFactory.cpp */; };
		D6906C8719AA1F940054BC1C /* fwQuad2d.cpp in Sources */ = {isa = PBXBuildFile; fileRef = D6906C3319AA1F940054BC1C /* fwQuad2d.cpp */; };
		D6906C8819AA1F940054BC1C /* fwQuad2dBatch.cpp in Sources */ = {isa = PBXBuildFile; fileRef = D6906C3519AA1F940054BC1C /* fwQuad2dBatch.cpp */; };
		D6906C8919AA1F940054BC1C /* fwRenderer.cpp in Sources */ = {isa = PBXBuildFile; fileRef = D6906C3819AA1F940054BC1C /* fwRenderer.cpp */; };
		D6906C8A19AA1F940054BC1C /* fwShader.cpp in Sources */ = {isa = PBXBuildFile; fileRef = D6906C3A19AA1F940054BC1C /* fwShader.cpp */; };
		D6906C8B19AA1F940054BC1C /* aabb.cpp in Sources */ = {isa = PBXBuildFile; fileRef = D6906C3D19AA1F940054BC1C /* aabb.cpp */; };
		D6906C8C19AA1F940054BC1C /* frustum.cpp in Sources */ = {isa = PBXBuildFile; fileRef = D6906C3F19AA1F940054BC1C /* frustum.cpp */; };
		D6906C8D19AA1F940054BC1C /* geometry.cpp in Sources */ = {isa = PBXBuildFile; fileRef = D6906C4119AA1F940054BC1C /* geometry.cpp */; };
		D6906C8E19AA1F940054BC1C /* intersect.cpp in Sources */ = {isa = PBXBuildFile; fileRef = D6906C4319AA1F940054BC1C /* intersect.cpp */; };
		D6906C8F19AA1F940054BC1C /* line.cpp in Sources */ = {isa = PBXBuildFile; fileRef = D6906C4519AA1F940054BC1C /* line.cpp */; };
		D6906C9019AA1F940054BC1C /* plane.cpp in Sources */ = {isa = PBXBuildFile; fileRef = D6906C4719AA1F940054BC1C /* plane.cpp */; };
		D6906C9119AA1F940054BC1C /* gs.cpp in Sources */ = {isa = PBXBuildFile; fileRef = D6906C4A19AA1F940054BC1C /* gs.cpp */; };
		D6906C9219AA1F940054BC1C /* gsCanvas.cpp in Sources */ = {isa = PBXBuildFile; fileRef = D6906C4C19AA1F940054BC1C /* gsCanvas.cpp */; };
		D6906C9319AA1F940054BC1C /* gsShader.cpp in Sources */ = {isa = PBXBuildFile; fileRef = D6906C5219AA1F940054BC1C /* gsShader.cpp */; };
		D6906C9419AA1F940054BC1C /* gsTexture.cpp in Sources */ = {isa = PBXBuildFile; fileRef = D6906C5419AA1F940054BC1C /* gsTexture.cpp */; };
		D6906C9519AA1F940054BC1C /* openGl.cpp in Sources */ = {isa = PBXBuildFile; fileRef = D6906C5619AA1F940054BC1C /* openGl.cpp */; };
		D6906C9619AA1F940054BC1C /* openGlCanvas.cpp in Sources */ = {isa = PBXBuildFile; fileRef = D6906C5719AA1F940054BC1C /* openGlCanvas.cpp */; };
		D6906C9719AA1F940054BC1C /* openGlShader.cpp in Sources */ = {isa = PBXBuildFile; fileRef = D6906C5819AA1F940054BC1C /* openGlShader.cpp */; };
		D6906C9819AA1F940054BC1C /* openGlTexture.cpp in Sources */ = {isa = PBXBuildFile; fileRef = D6906C5919AA1F940054BC1C /* openGlTexture.cpp */; };
		D6906C9919AA1F940054BC1C /* ios.mm in Sources */ = {isa = PBXBuildFile; fileRef = D6906C5D19AA1F940054BC1C /* ios.mm */; };
		D6906C9A19AA1F940054BC1C /* iosKeyboard.mm in Sources */ = {isa = PBXBuildFile; fileRef = D6906C5E19AA1F940054BC1C /* iosKeyboard.mm */; };
		D6906C9B19AA1F940054BC1C /* iosMouse.mm in Sources */ = {isa = PBXBuildFile; fileRef = D6906C5F19AA1F940054BC1C /* iosMouse.mm */; };
		D6906C9C19AA1F940054BC1C /* iosWindow.mm in Sources */ = {isa = PBXBuildFile; fileRef = D6906C6019AA1F940054BC1C /* iosWindow.mm */; };
		D6906C9D19AA1F940054BC1C /* mac.mm in Sources */ = {isa = PBXBuildFile; fileRef = D6906C6219AA1F940054BC1C /* mac.mm */; };
		D6906C9E19AA1F940054BC1C /* macKeyboard.mm in Sources */ = {isa = PBXBuildFile; fileRef = D6906C6319AA1F940054BC1C /* macKeyboard.mm */; };
		D6906C9F19AA1F940054BC1C /* macMouse.mm in Sources */ = {isa = PBXBuildFile; fileRef = D6906C6419AA1F940054BC1C /* macMouse.mm */; };
		D6906CA019AA1F940054BC1C /* macWindow.mm in Sources */ = {isa = PBXBuildFile; fileRef = D6906C6519AA1F940054BC1C /* macWindow.mm */; };
		D6906CA119AA1F940054BC1C /* os.cpp in Sources */ = {isa = PBXBuildFile; fileRef = D6906C6619AA1F940054BC1C /* os.cpp */; };
		D6906CA219AA1F940054BC1C /* osKeyboard.cpp in Sources */ = {isa = PBXBuildFile; fileRef = D6906C6C19AA1F940054BC1C /* osKeyboard.cpp */; };
		D6906CA319AA1F940054BC1C /* osMouse.cpp in Sources */ = {isa = PBXBuildFile; fileRef = D6906C6E19AA1F940054BC1C /* osMouse.cpp */; };
		D6906CA419AA1F940054BC1C /* osTouch.cpp in Sources */ = {isa = PBXBuildFile; fileRef = D6906C7019AA1F940054BC1C /* osTouch.cpp */; };
		D6906CA519AA1F940054BC1C /* osWindow.cpp in Sources */ = {isa = PBXBuildFile; fileRef = D6906C7219AA1F940054BC1C /* osWindow.cpp */; };
		D69DF17E17B81C2800FE1FCC /* UIKit.framework in Frameworks */ = {isa = PBXBuildFile; fileRef = D69DF17D17B81C2800FE1FCC /* UIKit.framework */; };
		D69DF18017B81C2800FE1FCC /* Foundation.framework in Frameworks */ = {isa = PBXBuildFile; fileRef = D69DF17F17B81C2800FE1FCC /* Foundation.framework */; };
		D69DF18217B81C2800FE1FCC /* CoreGraphics.framework in Frameworks */ = {isa = PBXBuildFile; fileRef = D69DF18117B81C2800FE1FCC /* CoreGraphics.framework */; };
		D69DF18417B81C2800FE1FCC /* GLKit.framework in Frameworks */ = {isa = PBXBuildFile; fileRef = D69DF18317B81C2800FE1FCC /* GLKit.framework */; };
		D69DF18617B81C2800FE1FCC /* OpenGLES.framework in Frameworks */ = {isa = PBXBuildFile; fileRef = D69DF18517B81C2800FE1FCC /* OpenGLES.framework */; };
		D6B2B814186DEAD600BCBEB8 /* game.cpp in Sources */ = {isa = PBXBuildFile; fileRef = D6B2B812186DEAD600BCBEB8 /* game.cpp */; };
		D6B2B8CA186F850400BCBEB8 /* QuartzCore.framework in Frameworks */ = {isa = PBXBuildFile; fileRef = D6B2B8C9186F850400BCBEB8 /* QuartzCore.framework */; };
		D6CEF619198D72FA0084B0DA /* Default-568h@2x.png in Resources */ = {isa = PBXBuildFile; fileRef = D6CEF614198D72FA0084B0DA /* Default-568h@2x.png */; };
		D6CEF61A198D72FA0084B0DA /* Default.png in Resources */ = {isa = PBXBuildFile; fileRef = D6CEF615198D72FA0084B0DA /* Default.png */; };
		D6CEF61B198D72FA0084B0DA /* Default@2x.png in Resources */ = {isa = PBXBuildFile; fileRef = D6CEF616198D72FA0084B0DA /* Default@2x.png */; };
		D6CEF61C198D72FA0084B0DA /* zulu_ios-Info.plist in Resources */ = {isa = PBXBuildFile; fileRef = D6CEF617198D72FA0084B0DA /* zulu_ios-Info.plist */; };
		D6E9D58718670B2300B92918 /* main.mm in Sources */ = {isa = PBXBuildFile; fileRef = D6E9D57F18670B2300B92918 /* main.mm */; };
/* End PBXBuildFile section */

/* Begin PBXFileReference section */
		D622FE04198EEB2B006D4A83 /* cubeRenderer.cpp */ = {isa = PBXFileReference; fileEncoding = 4; lastKnownFileType = sourcecode.cpp.cpp; name = cubeRenderer.cpp; path = zulu/cubeRenderer.cpp; sourceTree = "<group>"; };
		D622FE05198EEB2B006D4A83 /* cubeRenderer.h */ = {isa = PBXFileReference; fileEncoding = 4; lastKnownFileType = sourcecode.c.h; name = cubeRenderer.h; path = zulu/cubeRenderer.h; sourceTree = "<group>"; };
		D622FE07198EEB71006D4A83 /* renderer.cpp */ = {isa = PBXFileReference; fileEncoding = 4; lastKnownFileType = sourcecode.cpp.cpp; name = renderer.cpp; path = zulu/renderer.cpp; sourceTree = "<group>"; };
		D622FE08198EEB71006D4A83 /* renderer.h */ = {isa = PBXFileReference; fileEncoding = 4; lastKnownFileType = sourcecode.c.h; name = renderer.h; path = zulu/renderer.h; sourceTree = "<group>"; };
		D6906C0619AA1F940054BC1C /* core.cpp */ = {isa = PBXFileReference; fileEncoding = 4; lastKnownFileType = sourcecode.cpp.cpp; path = core.cpp; sourceTree = "<group>"; };
		D6906C0719AA1F940054BC1C /* core.h */ = {isa = PBXFileReference; fileEncoding = 4; lastKnownFileType = sourcecode.c.h; path = core.h; sourceTree = "<group>"; };
		D6906C0819AA1F940054BC1C /* coreAssert.cpp */ = {isa = PBXFileReference; fileEncoding = 4; lastKnownFileType = sourcecode.cpp.cpp; path = coreAssert.cpp; sourceTree = "<group>"; };
		D6906C0919AA1F940054BC1C /* coreAssert.h */ = {isa = PBXFileReference; fileEncoding = 4; lastKnownFileType = sourcecode.c.h; path = coreAssert.h; sourceTree = "<group>"; };
		D6906C0A19AA1F940054BC1C /* coreMath.cpp */ = {isa = PBXFileReference; fileEncoding = 4; lastKnownFileType = sourcecode.cpp.cpp; path = coreMath.cpp; sourceTree = "<group>"; };
		D6906C0B19AA1F940054BC1C /* coreMath.h */ = {isa = PBXFileReference; fileEncoding = 4; lastKnownFileType = sourcecode.c.h; path = coreMath.h; sourceTree = "<group>"; };
		D6906C0C19AA1F940054BC1C /* coreMatrix.h */ = {isa = PBXFileReference; fileEncoding = 4; lastKnownFileType = sourcecode.c.h; path = coreMatrix.h; sourceTree = "<group>"; };
		D6906C0D19AA1F940054BC1C /* coreMemory.cpp */ = {isa = PBXFileReference; fileEncoding = 4; lastKnownFileType = sourcecode.cpp.cpp; path = coreMemory.cpp; sourceTree = "<group>"; };
		D6906C0E19AA1F940054BC1C /* coreMemory.h */ = {isa = PBXFileReference; fileEncoding = 4; lastKnownFileType = sourcecode.c.h; path = coreMemory.h; sourceTree = "<group>"; };
		D6906C0F19AA1F940054BC1C /* corePool.h */ = {isa = PBXFileReference; fileEncoding = 4; lastKnownFileType = sourcecode.c.h; path = corePool.h; sourceTree = "<group>"; };
		D6906C1019AA1F940054BC1C /* coreString.cpp */ = {isa = PBXFileReference; fileEncoding = 4; lastKnownFileType = sourcecode.cpp.cpp; path = coreString.cpp; sourceTree = "<group>"; };
		D6906C1119AA1F940054BC1C /* coreString.h */ = {isa = PBXFileReference; fileEncoding = 4; lastKnownFileType = sourcecode.c.h; path = coreString.h; sourceTree = "<group>"; };
		D6906C1219AA1F940054BC1C /* coreStringData.cpp */ = {isa = PBXFileReference; fileEncoding = 4; lastKnownFileType = sourcecode.cpp.cpp; path = coreStringData.cpp; sourceTree = "<group>"; };
		D6906C1319AA1F940054BC1C /* coreStringData.h */ = {isa = PBXFileReference; fileEncoding = 4; lastKnownFileType = sourcecode.c.h; path = coreStringData.h; sourceTree = "<group>"; };
		D6906C1419AA1F940054BC1C /* coreStringObject.h */ = {isa = PBXFileReference; fileEncoding = 4; lastKnownFileType = sourcecode.c.h; path = coreStringObject.h; sourceTree = "<group>"; };
		D6906C1519AA1F940054BC1C /* coreTime.cpp */ = {isa = PBXFileReference; fileEncoding = 4; lastKnownFileType = sourcecode.cpp.cpp; path = coreTime.cpp; sourceTree = "<group>"; };
		D6906C1619AA1F940054BC1C /* coreTime.h */ = {isa = PBXFileReference; fileEncoding = 4; lastKnownFileType = sourcecode.c.h; path = coreTime.h; sourceTree = "<group>"; };
		D6906C1719AA1F940054BC1C /* coreVector.h */ = {isa = PBXFileReference; fileEncoding = 4; lastKnownFileType = sourcecode.c.h; path = coreVector.h; sourceTree = "<group>"; };
		D6906C1919AA1F940054BC1C /* fw.cpp */ = {isa = PBXFileReference; fileEncoding = 4; lastKnownFileType = sourcecode.cpp.cpp; path = fw.cpp; sourceTree = "<group>"; };
		D6906C1A19AA1F940054BC1C /* fw.h */ = {isa = PBXFileReference; fileEncoding = 4; lastKnownFileType = sourcecode.c.h; path = fw.h; sourceTree = "<group>"; };
		D6906C1B19AA1F940054BC1C /* fwCamera.cpp */ = {isa = PBXFileReference; fileEncoding = 4; lastKnownFileType = sourcecode.cpp.cpp; path = fwCamera.cpp; sourceTree = "<group>"; };
		D6906C1C19AA1F940054BC1C /* fwCamera.h */ = {isa = PBXFileReference; fileEncoding = 4; lastKnownFileType = sourcecode.c.h; path = fwCamera.h; sourceTree = "<group>"; };
		D6906C1D19AA1F940054BC1C /* fwCanvasViewer.cpp */ = {isa = PBXFileReference; fileEncoding = 4; lastKnownFileType = sourcecode.cpp.cpp; path = fwCanvasViewer.cpp; sourceTree = "<group>"; };
		D6906C1E19AA1F940054BC1C /* fwCanvasViewer.h */ = {isa = PBXFileReference; fileEncoding = 4; lastKnownFileType = sourcecode.c.h; path = fwCanvasViewer.h; sourceTree = "<group>"; };
		D6906C1F19AA1F940054BC1C /* fwComponent.h */ = {isa = PBXFileReference; fileEncoding = 4; lastKnownFileType = sourcecode.c.h; path = fwComponent.h; sourceTree = "<group>"; };
		D6906C2019AA1F940054BC1C /* fwComponentFactory.cpp */ = {isa = PBXFileReference; fileEncoding = 4; lastKnownFileType = sourcecode.cpp.cpp; path = fwComponentFactory.cpp; sourceTree = "<group>"; };
		D6906C2119AA1F940054BC1C /* fwComponentFactory.h */ = {isa = PBXFileReference; fileEncoding = 4; lastKnownFileType = sourcecode.c.h; path = fwComponentFactory.h; sourceTree = "<group>"; };
		D6906C2219AA1F940054BC1C /* fwCube.cpp */ = {isa = PBXFileReference; fileEncoding = 4; lastKnownFileType = sourcecode.cpp.cpp; path = fwCube.cpp; sourceTree = "<group>"; };
		D6906C2319AA1F940054BC1C /* fwCube.h */ = {isa = PBXFileReference; fileEncoding = 4; lastKnownFileType = sourcecode.c.h; path = fwCube.h; sourceTree = "<group>"; };
		D6906C2419AA1F940054BC1C /* fwCubeComponent.cpp */ = {isa = PBXFileReference; fileEncoding = 4; lastKnownFileType = sourcecode.cpp.cpp; path = fwCubeComponent.cpp; sourceTree = "<group>"; };
		D6906C2519AA1F940054BC1C /* fwCubeComponent.h */ = {isa = PBXFileReference; fileEncoding = 4; lastKnownFileType = sourcecode.c.h; path = fwCubeComponent.h; sourceTree = "<group>"; };
		D6906C2619AA1F940054BC1C /* fwDrawBatch.cpp */ = {isa = PBXFileReference; fileEncoding = 4; lastKnownFileType = sourcecode.cpp.cpp; path = fwDrawBatch.cpp; sourceTree = "<group>"; };
		D6906C2719AA1F940054BC1C /* fwDrawBatch.h */ = {isa = PBXFileReference; fileEncoding = 4; lastKnownFileType = sourcecode.c.h; path = fwDrawBatch.h; sourceTree = "<group>"; };
		D6906C2819AA1F940054BC1C /* fwFont.cpp */ = {isa = PBXFileReference; fileEncoding = 4; lastKnownFileType = sourcecode.cpp.cpp; path = fwFont.cpp; sourceTree = "<group>"; };
		D6906C2919AA1F940054BC1C /* fwFont.h */ = {isa = PBXFileReference; fileEncoding = 4; lastKnownFileType = sourcecode.c.h; path = fwFont.h; sourceTree = "<group>"; };
		D6906C2A19AA1F940054BC1C /* fwLight.cpp */ = {isa = PBXFileReference; fileEncoding = 4; lastKnownFileType = sourcecode.cpp.cpp; path = fwLight.cpp; sourceTree = "<group>"; };
		D6906C2B19AA1F940054BC1C /* fwLight.h */ = {isa = PBXFileReference; fileEncoding = 4; lastKnownFileType = sourcecode.c.h; path = fwLight.h; sourceTree = "<group>"; };
		D6906C2C19AA1F940054BC1C /* fwMaterial.cpp */ = {isa = PBXFileReference; fileEncoding = 4; lastKnownFileType = sourcecode.cpp.cpp; path = fwMaterial.cpp; sourceTree = "<group>"; };
		D6906C2D19AA1F940054BC1C /* fwMaterial.h */ = {isa = PBXFileReference; fileEncoding = 4; lastKnownFileType = sourcecode.c.h; path = fwMaterial.h; sourceTree = "<group>"; };
		D6906C2E19AA1F940054BC1C /* fwMesh.cpp */ = {isa = PBXFileReference; fileEncoding = 4; lastKnownFileType = sourcecode.cpp.cpp; path = fwMesh.cpp; sourceTree = "<group>"; };
		D6906C2F19AA1F940054BC1C /* fwMesh.h */ = {isa = PBXFileReference; fileEncoding = 4; lastKnownFileType = sourcecode.c.h; path = fwMesh.h; sourceTree = "<group>"; };
		D6906C3019AA1F940054BC1C /* fwObject.h */ = {isa = PBXFileReference; fileEncoding = 4; lastKnownFileType = sourcecode.c.h; path = fwObject.h; sourceTree = "<group>"; };
		D6906C3119AA1F940054BC1C /* fwObjectFactory.cpp */ = {isa = PBXFileReference; fileEncoding = 4; lastKnownFileType = sourcecode.cpp.cpp; path = fwObjectFactory.cpp; sourceTree = "<group>"; };
		D6906C3219AA1F940054BC1C /* fwObjectFactory.h */ = {isa = PBXFileReference; fileEncoding = 4; lastKnownFileType = sourcecode.c.h; path = fwObjectFactory.h; sourceTree = "<group>"; };
		D6906C3319AA1F940054BC1C /* fwQuad2d.cpp */ = {isa = PBXFileReference; fileEncoding = 4; lastKnownFileType = sourcecode.cpp.cpp; path = fwQuad2d.cpp; sourceTree = "<group>"; };
		D6906C3419AA1F940054BC1C /* fwQuad2d.h */ = {isa = PBXFileReference; fileEncoding = 4; lastKnownFileType = sourcecode.c.h; path = fwQuad2d.h; sourceTree = "<group>"; };
		D6906C3519AA1F940054BC1C /* fwQuad2dBatch.cpp */ = {isa = PBXFileReference; fileEncoding = 4; lastKnownFileType = sourcecode.cpp.cpp; path = fwQuad2dBatch.cpp; sourceTree = "<group>"; };
		D6906C3619AA1F940054BC1C /* fwQuad2dBatch.h */ = {isa = PBXFileReference; fileEncoding = 4; lastKnownFileType = sourcecode.c.h; path = fwQuad2dBatch.h; sourceTree = "<group>"; };
		D6906C3719AA1F940054BC1C /* fwRect.h */ = {isa = PBXFileReference; fileEncoding = 4; lastKnownFileType = sourcecode.c.h; path = fwRect.h; sourceTree = "<group>"; };
		D6906C3819AA1F940054BC1C /* fwRenderer.cpp */ = {isa = PBXFileReference; fileEncoding = 4; lastKnownFileType = sourcecode.cpp.cpp; path = fwRenderer.cpp; sourceTree = "<group>"; };
		D6906C3919AA1F940054BC1C /* fwRenderer.h */ = {isa = PBXFileReference; fileEncoding = 4; lastKnownFileType = sourcecode.c.h; path = fwRenderer.h; sourceTree = "<group>"; };
		D6906C3A19AA1F940054BC1C /* fwShader.cpp */ = {isa = PBXFileReference; fileEncoding = 4; lastKnownFileType = sourcecode.cpp.cpp; path = fwShader.cpp; sourceTree = "<group>"; };
		D6906C3B19AA1F940054BC1C /* fwShader.h */ = {isa = PBXFileReference; fileEncoding = 4; lastKnownFileType = sourcecode.c.h; path = fwShader.h; sourceTree = "<group>"; };
		D6906C3D19AA1F940054BC1C /* aabb.cpp */ = {isa = PBXFileReference; fileEncoding = 4; lastKnownFileType = sourcecode.cpp.cpp; path = aabb.cpp; sourceTree = "<group>"; };
		D6906C3E19AA1F940054BC1C /* aabb.h */ = {isa = PBXFileReference; fileEncoding = 4; lastKnownFileType = sourcecode.c.h; path = aabb.h; sourceTree = "<group>"; };
		D6906C3F19AA1F940054BC1C /* frustum.cpp */ = {isa = PBXFileReference; fileEncoding = 4; lastKnownFileType = sourcecode.cpp.cpp; path = frustum.cpp; sourceTree = "<group>"; };
		D6906C4019AA1F940054BC1C /* frustum.h */ = {isa = PBXFileReference; fileEncoding = 4; lastKnownFileType = sourcecode.c.h; path = frustum.h; sourceTree = "<group>"; };
		D6906C4119AA1F940054BC1C /* geometry.cpp */ = {isa = PBXFileReference; fileEncoding = 4; lastKnownFileType = sourcecode.cpp.cpp; path = geometry.cpp; sourceTree = "<group>"; };
		D6906C4219AA1F940054BC1C /* geometry.h */ = {isa = PBXFileReference; fileEncoding = 4; lastKnownFileType = sourcecode.c.h; path = geometry.h; sourceTree = "<group>"; };
		D6906C4319AA1F940054BC1C /* intersect.cpp */ = {isa = PBXFileReference; fileEncoding = 4; lastKnownFileType = sourcecode.cpp.cpp; path = intersect.cpp; sourceTree = "<group>"; };
		D6906C4419AA1F940054BC1C /* intersect.h */ = {isa = PBXFileReference; fileEncoding = 4; lastKnownFileType = sourcecode.c.h; path = intersect.h; sourceTree = "<group>"; };
		D6906C4519AA1F940054BC1C /* line.cpp */ = {isa = PBXFileReference; fileEncoding = 4; lastKnownFileType = sourcecode.cpp.cpp; path = line.cpp; sourceTree = "<group>"; };
		D6906C4619AA1F940054BC1C /* line.h */ = {isa = PBXFileReference; fileEncoding = 4; lastKnownFileType = sourcecode.c.h; path = line.h; sourceTree = "<group>"; };
		D6906C4719AA1F940054BC1C /* plane.cpp */ = {isa = PBXFileReference; fileEncoding = 4; lastKnownFileType = sourcecode.cpp.cpp; path = plane.cpp; sourceTree = "<group>"; };
		D6906C4819AA1F940054BC1C /* plane.h */ = {isa = PBXFileReference; fileEncoding = 4; lastKnownFileType = sourcecode.c.h; path = plane.h; sourceTree = "<group>"; };
		D6906C4A19AA1F940054BC1C /* gs.cpp */ = {isa = PBXFileReference; fileEncoding = 4; lastKnownFileType = sourcecode.cpp.cpp; path = gs.cpp; sourceTree = "<group>"; };
		D6906C4B19AA1F940054BC1C /* gs.h */ = {isa = PBXFileReference; fileEncoding = 4; lastKnownFileType = sourcecode.c.h; path = gs.h; sourceTree = "<group>"; };
		D6906C4C19AA1F940054BC1C /* gsCanvas.cpp */ = {isa = PBXFileReference; fileEncoding = 4; lastKnownFileType = sourcecode.cpp.cpp; path = gsCanvas.cpp; sourceTree = "<group>"; };
		D6906C4D19AA1F940054BC1C /* gsCanvas.h */ = {isa = PBXFileReference; fileEncoding = 4; lastKnownFileType = sourcecode.c.h; path = gsCanvas.h; sourceTree = "<group>"; };
		D6906C4E19AA1F940054BC1C /* gsHw.h */ = {isa = PBXFileReference; fileEncoding = 4; lastKnownFileType = sourcecode.c.h; path = gsHw.h; sourceTree = "<group>"; };
		D6906C4F19AA1F940054BC1C /* gsHwCanvas.h */ = {isa = PBXFileReference; fileEncoding = 4; lastKnownFileType = sourcecode.c.h; path = gsHwCanvas.h; sourceTree = "<group>"; };
		D6906C5019AA1F940054BC1C /* gsHwShader.h */ = {isa = PBXFileReference; fileEncoding = 4; lastKnownFileType = sourcecode.c.h; path = gsHwShader.h; sourceTree = "<group>"; };
		D6906C5119AA1F940054BC1C /* gsHwTexture.h */ = {isa = PBXFileReference; fileEncoding = 4; lastKnownFileType = sourcecode.c.h; path = gsHwTexture.h; sourceTree = "<group>"; };
		D6906C5219AA1F940054BC1C /* gsShader.cpp */ = {isa = PBXFileReference; fileEncoding = 4; lastKnownFileType = sourcecode.cpp.cpp; path = gsShader.cpp; sourceTree = "<group>"; };
		D6906C5319AA1F940054BC1C /* gsShader.h */ = {isa = PBXFileReference; fileEncoding = 4; lastKnownFileType = sourcecode.c.h; path = gsShader.h; sourceTree = "<group>"; };
		D6906C5419AA1F940054BC1C /* gsTexture.cpp */ = {isa = PBXFileReference; fileEncoding = 4; lastKnownFileType = sourcecode.cpp.cpp; path = gsTexture.cpp; sourceTree = "<group>"; };
		D6906C5519AA1F940054BC1C /* gsTexture.h */ = {isa = PBXFileReference; fileEncoding = 4; lastKnownFileType = sourcecode.c.h; path = gsTexture.h; sourceTree = "<group>"; };
		D6906C5619AA1F940054BC1C /* openGl.cpp */ = {isa = PBXFileReference; fileEncoding = 4; lastKnownFileType = sourcecode.cpp.cpp; path = openGl.cpp; sourceTree = "<group>"; };
		D6906C5719AA1F940054BC1C /* openGlCanvas.cpp */ = {isa = PBXFileReference; fileEncoding = 4; lastKnownFileType = sourcecode.cpp.cpp; path = openGlCanvas.cpp; sourceTree = "<group>"; };
		D6906C5819AA1F940054BC1C /* openGlShader.cpp */ = {isa = PBXFileReference; fileEncoding = 4; lastKnownFileType = sourcecode.cpp.cpp; path = openGlShader.cpp; sourceTree = "<group>"; };
		D6906C5919AA1F940054BC1C /* openGlTexture.cpp */ = {isa = PBXFileReference; fileEncoding = 4; lastKnownFileType = sourcecode.cpp.cpp; path = openGlTexture.cpp; sourceTree = "<group>"; };
		D6906C5A19AA1F940054BC1C /* openGlTexture.h */ = {isa = PBXFileReference; fileEncoding = 4; lastKnownFileType = sourcecode.c.h; path = openGlTexture.h; sourceTree = "<group>"; };
		D6906C5C19AA1F940054BC1C /* ios.h */ = {isa = PBXFileReference; fileEncoding = 4; lastKnownFileType = sourcecode.c.h; path = ios.h; sourceTree = "<group>"; };
		D6906C5D19AA1F940054BC1C /* ios.mm */ = {isa = PBXFileReference; fileEncoding = 4; lastKnownFileType = sourcecode.cpp.objcpp; path = ios.mm; sourceTree = "<group>"; };
		D6906C5E19AA1F940054BC1C /* iosKeyboard.mm */ = {isa = PBXFileReference; fileEncoding = 4; lastKnownFileType = sourcecode.cpp.objcpp; path = iosKeyboard.mm; sourceTree = "<group>"; };
		D6906C5F19AA1F940054BC1C /* iosMouse.mm */ = {isa = PBXFileReference; fileEncoding = 4; lastKnownFileType = sourcecode.cpp.objcpp; path = iosMouse.mm; sourceTree = "<group>"; };
		D6906C6019AA1F940054BC1C /* iosWindow.mm */ = {isa = PBXFileReference; fileEncoding = 4; lastKnownFileType = sourcecode.cpp.objcpp; path = iosWindow.mm; sourceTree = "<group>"; };
		D6906C6119AA1F940054BC1C /* mac.h */ = {isa = PBXFileReference; fileEncoding = 4; lastKnownFileType = sourcecode.c.h; path = mac.h; sourceTree = "<group>"; };
		D6906C6219AA1F940054BC1C /* mac.mm */ = {isa = PBXFileReference; fileEncoding = 4; lastKnownFileType = sourcecode.cpp.objcpp; path = mac.mm; sourceTree = "<group>"; };
		D6906C6319AA1F940054BC1C /* macKeyboard.mm */ = {isa = PBXFileReference; fileEncoding = 4; lastKnownFileType = sourcecode.cpp.objcpp; path = macKeyboard.mm; sourceTree = "<group>"; };
		D6906C6419AA1F940054BC1C /* macMouse.mm */ = {isa = PBXFileReference; fileEncoding = 4; lastKnownFileType = sourcecode.cpp.objcpp; path = macMouse.mm; sourceTree = "<group>"; };
		D6906C6519AA1F940054BC1C /* macWindow.mm */ = {isa = PBXFileReference; fileEncoding = 4; lastKnownFileType = sourcecode.cpp.objcpp; path = macWindow.mm; sourceTree = "<group>"; };
		D6906C6619AA1F940054BC1C /* os.cpp */ = {isa = PBXFileReference; fileEncoding = 4; lastKnownFileType = sourcecode.cpp.cpp; path = os.cpp; sourceTree = "<group>"; };
		D6906C6719AA1F940054BC1C /* os.h */ = {isa = PBXFileReference; fileEncoding = 4; lastKnownFileType = sourcecode.c.h; path = os.h; sourceTree = "<group>"; };
		D6906C6819AA1F940054BC1C /* osHw.h */ = {isa = PBXFileReference; fileEncoding = 4; lastKnownFileType = sourcecode.c.h; path = osHw.h; sourceTree = "<group>"; };
		D6906C6919AA1F940054BC1C /* osHwKeyboard.h */ = {isa = PBXFileReference; fileEncoding = 4; lastKnownFileType = sourcecode.c.h; path = osHwKeyboard.h; sourceTree = "<group>"; };
		D6906C6A19AA1F940054BC1C /* osHwMouse.h */ = {isa = PBXFileReference; fileEncoding = 4; lastKnownFileType = sourcecode.c.h; path = osHwMouse.h; sourceTree = "<group>"; };
		D6906C6B19AA1F940054BC1C /* osHwWindow.h */ = {isa = PBXFileReference; fileEncoding = 4; lastKnownFileType = sourcecode.c.h; path = osHwWindow.h; sourceTree = "<group>"; };
		D6906C6C19AA1F940054BC1C /* osKeyboard.cpp */ = {isa = PBXFileReference; fileEncoding = 4; lastKnownFileType = sourcecode.cpp.cpp; path = osKeyboard.cpp; sourceTree = "<group>"; };
		D6906C6D19AA1F940054BC1C /* osKeyboard.h */ = {isa = PBXFileReference; fileEncoding = 4; lastKnownFileType = sourcecode.c.h; path = osKeyboard.h; sourceTree = "<group>"; };
		D6906C6E19AA1F940054BC1C /* osMouse.cpp */ = {isa = PBXFileReference; fileEncoding = 4; lastKnownFileType = sourcecode.cpp.cpp; path = osMouse.cpp; sourceTree = "<group>"; };
		D6906C6F19AA1F940054BC1C /* osMouse.h */ = {isa = PBXFileReference; fileEncoding = 4; lastKnownFileType = sourcecode.c.h; path = osMouse.h; sourceTree = "<group>"; };
		D6906C7019AA1F940054BC1C /* osTouch.cpp */ = {isa = PBXFileReference; fileEncoding = 4; lastKnownFileType = sourcecode.cpp.cpp; path = osTouch.cpp; sourceTree = "<group>"; };
		D6906C7119AA1F940054BC1C /* osTouch.h */ = {isa = PBXFileReference; fileEncoding = 4; lastKnownFileType = sourcecode.c.h; path = osTouch.h; sourceTree = "<group>"; };
		D6906C7219AA1F940054BC1C /* osWindow.cpp */ = {isa = PBXFileReference; fileEncoding = 4; lastKnownFileType = sourcecode.cpp.cpp; path = osWindow.cpp; sourceTree = "<group>"; };
		D6906C7319AA1F940054BC1C /* osWindow.h */ = {isa = PBXFileReference; fileEncoding = 4; lastKnownFileType = sourcecode.c.h; path = osWindow.h; sourceTree = "<group>"; };
		D69DF17A17B81C2800FE1FCC /* zulu_ios.app */ = {isa = PBXFileReference; explicitFileType = wrapper.application; includeInIndex = 0; path = zulu_ios.app; sourceTree = BUILT_PRODUCTS_DIR; };
		D69DF17D17B81C2800FE1FCC /* UIKit.framework */ = {isa = PBXFileReference; lastKnownFileType = wrapper.framework; name = UIKit.framework; path = System/Library/Frameworks/UIKit.framework; sourceTree = SDKROOT; };
		D69DF17F17B81C2800FE1FCC /* Foundation.framework */ = {isa = PBXFileReference; lastKnownFileType = wrapper.framework; name = Foundation.framework; path = System/Library/Frameworks/Foundation.framework; sourceTree = SDKROOT; };
		D69DF18117B81C2800FE1FCC /* CoreGraphics.framework */ = {isa = PBXFileReference; lastKnownFileType = wrapper.framework; name = CoreGraphics.framework; path = System/Library/Frameworks/CoreGraphics.framework; sourceTree = SDKROOT; };
		D69DF18317B81C2800FE1FCC /* GLKit.framework */ = {isa = PBXFileReference; lastKnownFileType = wrapper.framework; name = GLKit.framework; path = System/Library/Frameworks/GLKit.framework; sourceTree = SDKROOT; };
		D69DF18517B81C2800FE1FCC /* OpenGLES.framework */ = {isa = PBXFileReference; lastKnownFileType = wrapper.framework; name = OpenGLES.framework; path = System/Library/Frameworks/OpenGLES.framework; sourceTree = SDKROOT; };
		D6B2B812186DEAD600BCBEB8 /* game.cpp */ = {isa = PBXFileReference; fileEncoding = 4; lastKnownFileType = sourcecode.cpp.cpp; name = game.cpp; path = zulu/game.cpp; sourceTree = SOURCE_ROOT; };
		D6B2B813186DEAD600BCBEB8 /* game.h */ = {isa = PBXFileReference; fileEncoding = 4; lastKnownFileType = sourcecode.c.h; name = game.h; path = zulu/game.h; sourceTree = SOURCE_ROOT; };
		D6B2B8C9186F850400BCBEB8 /* QuartzCore.framework */ = {isa = PBXFileReference; lastKnownFileType = wrapper.framework; name = QuartzCore.framework; path = System/Library/Frameworks/QuartzCore.framework; sourceTree = SDKROOT; };
		D6CEF614198D72FA0084B0DA /* Default-568h@2x.png */ = {isa = PBXFileReference; lastKnownFileType = image.png; name = "Default-568h@2x.png"; path = "zulu_ios/Default-568h@2x.png"; sourceTree = SOURCE_ROOT; };
		D6CEF615198D72FA0084B0DA /* Default.png */ = {isa = PBXFileReference; lastKnownFileType = image.png; name = Default.png; path = zulu_ios/Default.png; sourceTree = SOURCE_ROOT; };
		D6CEF616198D72FA0084B0DA /* Default@2x.png */ = {isa = PBXFileReference; lastKnownFileType = image.png; name = "Default@2x.png"; path = "zulu_ios/Default@2x.png"; sourceTree = SOURCE_ROOT; };
		D6CEF617198D72FA0084B0DA /* zulu_ios-Info.plist */ = {isa = PBXFileReference; fileEncoding = 4; lastKnownFileType = text.plist.xml; name = "zulu_ios-Info.plist"; path = "zulu_ios/zulu_ios-Info.plist"; sourceTree = SOURCE_ROOT; };
		D6E9D57F18670B2300B92918 /* main.mm */ = {isa = PBXFileReference; fileEncoding = 4; lastKnownFileType = sourcecode.cpp.objcpp; name = main.mm; path = zulu/main.mm; sourceTree = SOURCE_ROOT; };
/* End PBXFileReference section */

/* Begin PBXFrameworksBuildPhase section */
		D69DF17717B81C2800FE1FCC /* Frameworks */ = {
			isa = PBXFrameworksBuildPhase;
			buildActionMask = 2147483647;
			files = (
				D6B2B8CA186F850400BCBEB8 /* QuartzCore.framework in Frameworks */,
				D69DF17E17B81C2800FE1FCC /* UIKit.framework in Frameworks */,
				D69DF18017B81C2800FE1FCC /* Foundation.framework in Frameworks */,
				D69DF18217B81C2800FE1FCC /* CoreGraphics.framework in Frameworks */,
				D69DF18417B81C2800FE1FCC /* GLKit.framework in Frameworks */,
				D69DF18617B81C2800FE1FCC /* OpenGLES.framework in Frameworks */,
			);
			runOnlyForDeploymentPostprocessing = 0;
		};
/* End PBXFrameworksBuildPhase section */

/* Begin PBXGroup section */
		D6906C0419AA1F940054BC1C /* engine */ = {
			isa = PBXGroup;
			children = (
				D6906C0519AA1F940054BC1C /* core */,
				D6906C1819AA1F940054BC1C /* fw */,
				D6906C3C19AA1F940054BC1C /* geometry */,
				D6906C4919AA1F940054BC1C /* gs */,
				D6906C5B19AA1F940054BC1C /* os */,
			);
			name = engine;
			path = ../engine;
			sourceTree = "<group>";
		};
		D6906C0519AA1F940054BC1C /* core */ = {
			isa = PBXGroup;
			children = (
				D6906C0619AA1F940054BC1C /* core.cpp */,
				D6906C0719AA1F940054BC1C /* core.h */,
				D6906C0819AA1F940054BC1C /* coreAssert.cpp */,
				D6906C0919AA1F940054BC1C /* coreAssert.h */,
				D6906C0A19AA1F940054BC1C /* coreMath.cpp */,
				D6906C0B19AA1F940054BC1C /* coreMath.h */,
				D6906C0C19AA1F940054BC1C /* coreMatrix.h */,
				D6906C0D19AA1F940054BC1C /* coreMemory.cpp */,
				D6906C0E19AA1F940054BC1C /* coreMemory.h */,
				D6906C0F19AA1F940054BC1C /* corePool.h */,
				D6906C1019AA1F940054BC1C /* coreString.cpp */,
				D6906C1119AA1F940054BC1C /* coreString.h */,
				D6906C1219AA1F940054BC1C /* coreStringData.cpp */,
				D6906C1319AA1F940054BC1C /* coreStringData.h */,
				D6906C1419AA1F940054BC1C /* coreStringObject.h */,
				D6906C1519AA1F940054BC1C /* coreTime.cpp */,
				D6906C1619AA1F940054BC1C /* coreTime.h */,
				D6906C1719AA1F940054BC1C /* coreVector.h */,
			);
			path = core;
			sourceTree = "<group>";
		};
		D6906C1819AA1F940054BC1C /* fw */ = {
			isa = PBXGroup;
			children = (
				D6906C1919AA1F940054BC1C /* fw.cpp */,
				D6906C1A19AA1F940054BC1C /* fw.h */,
				D6906C1B19AA1F940054BC1C /* fwCamera.cpp */,
				D6906C1C19AA1F940054BC1C /* fwCamera.h */,
				D6906C1D19AA1F940054BC1C /* fwCanvasViewer.cpp */,
				D6906C1E19AA1F940054BC1C /* fwCanvasViewer.h */,
				D6906C1F19AA1F940054BC1C /* fwComponent.h */,
				D6906C2019AA1F940054BC1C /* fwComponentFactory.cpp */,
				D6906C2119AA1F940054BC1C /* fwComponentFactory.h */,
				D6906C2219AA1F940054BC1C /* fwCube.cpp */,
				D6906C2319AA1F940054BC1C /* fwCube.h */,
				D6906C2419AA1F940054BC1C /* fwCubeComponent.cpp */,
				D6906C2519AA1F940054BC1C /* fwCubeComponent.h */,
				D6906C2619AA1F940054BC1C /* fwDrawBatch.cpp */,
				D6906C2719AA1F940054BC1C /* fwDrawBatch.h */,
				D6906C2819AA1F940054BC1C /* fwFont.cpp */,
				D6906C2919AA1F940054BC1C /* fwFont.h */,
				D6906C2A19AA1F940054BC1C /* fwLight.cpp */,
				D6906C2B19AA1F940054BC1C /* fwLight.h */,
				D6906C2C19AA1F940054BC1C /* fwMaterial.cpp */,
				D6906C2D19AA1F940054BC1C /* fwMaterial.h */,
				D6906C2E19AA1F940054BC1C /* fwMesh.cpp */,
				D6906C2F19AA1F940054BC1C /* fwMesh.h */,
				D6906C3019AA1F940054BC1C /* fwObject.h */,
				D6906C3119AA1F940054BC1C /* fwObjectFactory.cpp */,
				D6906C3219AA1F940054BC1C /* fwObjectFactory.h */,
				D6906C3319AA1F940054BC1C /* fwQuad2d.cpp */,
				D6906C3419AA1F940054BC1C /* fwQuad2d.h */,
				D6906C3519AA1F940054BC1C /* fwQuad2dBatch.cpp */,
				D6906C3619AA1F940054BC1C /* fwQuad2dBatch.h */,
				D6906C3719AA1F940054BC1C /* fwRect.h */,
				D6906C3819AA1F940054BC1C /* fwRenderer.cpp */,
				D6906C3919AA1F940054BC1C /* fwRenderer.h */,
				D6906C3A19AA1F940054BC1C /* fwShader.cpp */,
				D6906C3B19AA1F940054BC1C /* fwShader.h */,
			);
			path = fw;
			sourceTree = "<group>";
		};
		D6906C3C19AA1F940054BC1C /* geometry */ = {
			isa = PBXGroup;
			children = (
				D6906C3D19AA1F940054BC1C /* aabb.cpp */,
				D6906C3E19AA1F940054BC1C /* aabb.h */,
				D6906C3F19AA1F940054BC1C /* frustum.cpp */,
				D6906C4019AA1F940054BC1C /* frustum.h */,
				D6906C4119AA1F940054BC1C /* geometry.cpp */,
				D6906C4219AA1F940054BC1C /* geometry.h */,
				D6906C4319AA1F940054BC1C /* intersect.cpp */,
				D6906C4419AA1F940054BC1C /* intersect.h */,
				D6906C4519AA1F940054BC1C /* line.cpp */,
				D6906C4619AA1F940054BC1C /* line.h */,
				D6906C4719AA1F940054BC1C /* plane.cpp */,
				D6906C4819AA1F940054BC1C /* plane.h */,
			);
			path = geometry;
			sourceTree = "<group>";
		};
		D6906C4919AA1F940054BC1C /* gs */ = {
			isa = PBXGroup;
			children = (
				D6906C4A19AA1F940054BC1C /* gs.cpp */,
				D6906C4B19AA1F940054BC1C /* gs.h */,
				D6906C4C19AA1F940054BC1C /* gsCanvas.cpp */,
				D6906C4D19AA1F940054BC1C /* gsCanvas.h */,
				D6906C4E19AA1F940054BC1C /* gsHw.h */,
				D6906C4F19AA1F940054BC1C /* gsHwCanvas.h */,
				D6906C5019AA1F940054BC1C /* gsHwShader.h */,
				D6906C5119AA1F940054BC1C /* gsHwTexture.h */,
				D6906C5219AA1F940054BC1C /* gsShader.cpp */,
				D6906C5319AA1F940054BC1C /* gsShader.h */,
				D6906C5419AA1F940054BC1C /* gsTexture.cpp */,
				D6906C5519AA1F940054BC1C /* gsTexture.h */,
				D6906C5619AA1F940054BC1C /* openGl.cpp */,
				D6906C5719AA1F940054BC1C /* openGlCanvas.cpp */,
				D6906C5819AA1F940054BC1C /* openGlShader.cpp */,
				D6906C5919AA1F940054BC1C /* openGlTexture.cpp */,
				D6906C5A19AA1F940054BC1C /* openGlTexture.h */,
			);
			path = gs;
			sourceTree = "<group>";
		};
		D6906C5B19AA1F940054BC1C /* os */ = {
			isa = PBXGroup;
			children = (
				D6906C5C19AA1F940054BC1C /* ios.h */,
				D6906C5D19AA1F940054BC1C /* ios.mm */,
				D6906C5E19AA1F940054BC1C /* iosKeyboard.mm */,
				D6906C5F19AA1F940054BC1C /* iosMouse.mm */,
				D6906C6019AA1F940054BC1C /* iosWindow.mm */,
				D6906C6119AA1F940054BC1C /* mac.h */,
				D6906C6219AA1F940054BC1C /* mac.mm */,
				D6906C6319AA1F940054BC1C /* macKeyboard.mm */,
				D6906C6419AA1F940054BC1C /* macMouse.mm */,
				D6906C6519AA1F940054BC1C /* macWindow.mm */,
				D6906C6619AA1F940054BC1C /* os.cpp */,
				D6906C6719AA1F940054BC1C /* os.h */,
				D6906C6819AA1F940054BC1C /* osHw.h */,
				D6906C6919AA1F940054BC1C /* osHwKeyboard.h */,
				D6906C6A19AA1F940054BC1C /* osHwMouse.h */,
				D6906C6B19AA1F940054BC1C /* osHwWindow.h */,
				D6906C6C19AA1F940054BC1C /* osKeyboard.cpp */,
				D6906C6D19AA1F940054BC1C /* osKeyboard.h */,
				D6906C6E19AA1F940054BC1C /* osMouse.cpp */,
				D6906C6F19AA1F940054BC1C /* osMouse.h */,
				D6906C7019AA1F940054BC1C /* osTouch.cpp */,
				D6906C7119AA1F940054BC1C /* osTouch.h */,
				D6906C7219AA1F940054BC1C /* osWindow.cpp */,
				D6906C7319AA1F940054BC1C /* osWindow.h */,
			);
			path = os;
			sourceTree = "<group>";
		};
		D69DF17117B81C2800FE1FCC = {
			isa = PBXGroup;
			children = (
				D6906C0419AA1F940054BC1C /* engine */,
				D6CEF613198D72CC0084B0DA /* zulu */,
				D69DF1AB17B8293700FE1FCC /* zulu_ios */,
				D69DF17C17B81C2800FE1FCC /* Frameworks */,
				D69DF17B17B81C2800FE1FCC /* Products */,
			);
			sourceTree = "<group>";
		};
		D69DF17B17B81C2800FE1FCC /* Products */ = {
			isa = PBXGroup;
			children = (
				D69DF17A17B81C2800FE1FCC /* zulu_ios.app */,
			);
			name = Products;
			sourceTree = "<group>";
		};
		D69DF17C17B81C2800FE1FCC /* Frameworks */ = {
			isa = PBXGroup;
			children = (
				D6B2B8C9186F850400BCBEB8 /* QuartzCore.framework */,
				D69DF17D17B81C2800FE1FCC /* UIKit.framework */,
				D69DF17F17B81C2800FE1FCC /* Foundation.framework */,
				D69DF18117B81C2800FE1FCC /* CoreGraphics.framework */,
				D69DF18317B81C2800FE1FCC /* GLKit.framework */,
				D69DF18517B81C2800FE1FCC /* OpenGLES.framework */,
			);
			name = Frameworks;
			sourceTree = "<group>";
		};
		D69DF1AB17B8293700FE1FCC /* zulu_ios */ = {
			isa = PBXGroup;
			children = (
				D6CEF614198D72FA0084B0DA /* Default-568h@2x.png */,
				D6CEF615198D72FA0084B0DA /* Default.png */,
				D6CEF616198D72FA0084B0DA /* Default@2x.png */,
				D6CEF617198D72FA0084B0DA /* zulu_ios-Info.plist */,
			);
			name = zulu_ios;
			path = barebones;
			sourceTree = "<group>";
		};
		D6CEF613198D72CC0084B0DA /* zulu */ = {
			isa = PBXGroup;
			children = (
				D622FE07198EEB71006D4A83 /* renderer.cpp */,
				D622FE08198EEB71006D4A83 /* renderer.h */,
				D622FE04198EEB2B006D4A83 /* cubeRenderer.cpp */,
				D622FE05198EEB2B006D4A83 /* cubeRenderer.h */,
				D6B2B812186DEAD600BCBEB8 /* game.cpp */,
				D6B2B813186DEAD600BCBEB8 /* game.h */,
				D6E9D57F18670B2300B92918 /* main.mm */,
			);
			name = zulu;
			sourceTree = "<group>";
		};
/* End PBXGroup section */

/* Begin PBXNativeTarget section */
		D69DF17917B81C2800FE1FCC /* zulu_ios */ = {
			isa = PBXNativeTarget;
			buildConfigurationList = D69DF1A817B81C2800FE1FCC /* Build configuration list for PBXNativeTarget "zulu_ios" */;
			buildPhases = (
				D69DF17617B81C2800FE1FCC /* Sources */,
				D69DF17717B81C2800FE1FCC /* Frameworks */,
				D69DF17817B81C2800FE1FCC /* Resources */,
			);
			buildRules = (
			);
			dependencies = (
			);
			name = zulu_ios;
			productName = empty_ios;
			productReference = D69DF17A17B81C2800FE1FCC /* zulu_ios.app */;
			productType = "com.apple.product-type.application";
		};
/* End PBXNativeTarget section */

/* Begin PBXProject section */
		D69DF17217B81C2800FE1FCC /* Project object */ = {
			isa = PBXProject;
			attributes = {
				LastUpgradeCheck = 0600;
				ORGANIZATIONNAME = organization;
			};
			buildConfigurationList = D69DF17517B81C2800FE1FCC /* Build configuration list for PBXProject "zulu_ios" */;
			compatibilityVersion = "Xcode 3.2";
			developmentRegion = English;
			hasScannedForEncodings = 0;
			knownRegions = (
				en,
			);
			mainGroup = D69DF17117B81C2800FE1FCC;
			productRefGroup = D69DF17B17B81C2800FE1FCC /* Products */;
			projectDirPath = "";
			projectRoot = "";
			targets = (
				D69DF17917B81C2800FE1FCC /* zulu_ios */,
			);
		};
/* End PBXProject section */

/* Begin PBXResourcesBuildPhase section */
		D69DF17817B81C2800FE1FCC /* Resources */ = {
			isa = PBXResourcesBuildPhase;
			buildActionMask = 2147483647;
			files = (
				D6CEF61B198D72FA0084B0DA /* Default@2x.png in Resources */,
				D6CEF61C198D72FA0084B0DA /* zulu_ios-Info.plist in Resources */,
				D6CEF619198D72FA0084B0DA /* Default-568h@2x.png in Resources */,
				D6CEF61A198D72FA0084B0DA /* Default.png in Resources */,
			);
			runOnlyForDeploymentPostprocessing = 0;
		};
/* End PBXResourcesBuildPhase section */

/* Begin PBXSourcesBuildPhase section */
		D69DF17617B81C2800FE1FCC /* Sources */ = {
			isa = PBXSourcesBuildPhase;
			buildActionMask = 2147483647;
			files = (
				D6906C7D19AA1F940054BC1C /* fwCanvasViewer.cpp in Sources */,
				D6906C9219AA1F940054BC1C /* gsCanvas.cpp in Sources */,
				D6906C8F19AA1F940054BC1C /* line.cpp in Sources */,
				D6906C9019AA1F940054BC1C /* plane.cpp in Sources */,
				D6906C8319AA1F940054BC1C /* fwLight.cpp in Sources */,
				D6906CA119AA1F940054BC1C /* os.cpp in Sources */,
				D6906C8219AA1F940054BC1C /* fwFont.cpp in Sources */,
				D6906CA519AA1F940054BC1C /* osWindow.cpp in Sources */,
				D6906C9C19AA1F940054BC1C /* iosWindow.mm in Sources */,
				D6906C8719AA1F940054BC1C /* fwQuad2d.cpp in Sources */,
				D6906C8819AA1F940054BC1C /* fwQuad2dBatch.cpp in Sources */,
				D6906C7519AA1F940054BC1C /* coreAssert.cpp in Sources */,
				D6906C9919AA1F940054BC1C /* ios.mm in Sources */,
				D6906C9D19AA1F940054BC1C /* mac.mm in Sources */,
				D6906C7C19AA1F940054BC1C /* fwCamera.cpp in Sources */,
				D6906C9F19AA1F940054BC1C /* macMouse.mm in Sources */,
				D6906C8619AA1F940054BC1C /* fwObjectFactory.cpp in Sources */,
				D6906C7E19AA1F940054BC1C /* fwComponentFactory.cpp in Sources */,
				D6906C7719AA1F940054BC1C /* coreMemory.cpp in Sources */,
				D6906C8419AA1F940054BC1C /* fwMaterial.cpp in Sources */,
				D6906C8C19AA1F940054BC1C /* frustum.cpp in Sources */,
				D6906C8B19AA1F940054BC1C /* aabb.cpp in Sources */,
				D6906C9519AA1F940054BC1C /* openGl.cpp in Sources */,
				D6906C8919AA1F940054BC1C /* fwRenderer.cpp in Sources */,
				D6906C9619AA1F940054BC1C /* openGlCanvas.cpp in Sources */,
				D6906C9E19AA1F940054BC1C /* macKeyboard.mm in Sources */,
				D6906C8A19AA1F940054BC1C /* fwShader.cpp in Sources */,
				D6906C9119AA1F940054BC1C /* gs.cpp in Sources */,
				D6906CA019AA1F940054BC1C /* macWindow.mm in Sources */,
				D6906CA219AA1F940054BC1C /* osKeyboard.cpp in Sources */,
				D6906C8019AA1F940054BC1C /* fwCubeComponent.cpp in Sources */,
				D6906C8519AA1F940054BC1C /* fwMesh.cpp in Sources */,
				D622FE09198EEB71006D4A83 /* renderer.cpp in Sources */,
				D6906C9319AA1F940054BC1C /* gsShader.cpp in Sources */,
				D6906C9419AA1F940054BC1C /* gsTexture.cpp in Sources */,
				D6906C7919AA1F940054BC1C /* coreStringData.cpp in Sources */,
				D6906CA419AA1F940054BC1C /* osTouch.cpp in Sources */,
				D6906C7F19AA1F940054BC1C /* fwCube.cpp in Sources */,
				D6906C9A19AA1F940054BC1C /* iosKeyboard.mm in Sources */,
				D6906C7A19AA1F940054BC1C /* coreTime.cpp in Sources */,
				D6906C9719AA1F940054BC1C /* openGlShader.cpp in Sources */,
				D6906C7819AA1F940054BC1C /* coreString.cpp in Sources */,
				D6906C7619AA1F940054BC1C /* coreMath.cpp in Sources */,
				D6906C8D19AA1F940054BC1C /* geometry.cpp in Sources */,
				D6906C8E19AA1F940054BC1C /* intersect.cpp in Sources */,
				D6B2B814186DEAD600BCBEB8 /* game.cpp in Sources */,
				D6906C8119AA1F940054BC1C /* fwDrawBatch.cpp in Sources */,
				D6906C7B19AA1F940054BC1C /* fw.cpp in Sources */,
				D6906C9B19AA1F940054BC1C /* iosMouse.mm in Sources */,
				D6906CA319AA1F940054BC1C /* osMouse.cpp in Sources */,
				D6E9D58718670B2300B92918 /* main.mm in Sources */,
				D6906C7419AA1F940054BC1C /* core.cpp in Sources */,
				D6906C9819AA1F940054BC1C /* openGlTexture.cpp in Sources */,
				D622FE06198EEB2B006D4A83 /* cubeRenderer.cpp in Sources */,
			);
			runOnlyForDeploymentPostprocessing = 0;
		};
/* End PBXSourcesBuildPhase section */

/* Begin XCBuildConfiguration section */
		D69DF1A617B81C2800FE1FCC /* Debug */ = {
			isa = XCBuildConfiguration;
			buildSettings = {
				ALWAYS_SEARCH_USER_PATHS = NO;
				CLANG_CXX_LANGUAGE_STANDARD = "gnu++0x";
				CLANG_CXX_LIBRARY = "libc++";
				CLANG_WARN_CONSTANT_CONVERSION = YES;
				CLANG_WARN_EMPTY_BODY = YES;
				CLANG_WARN_ENUM_CONVERSION = YES;
				CLANG_WARN_INT_CONVERSION = YES;
				CLANG_WARN__DUPLICATE_METHOD_MATCH = YES;
				CODE_SIGN_IDENTITY = "iPhone Developer";
				"CODE_SIGN_IDENTITY[sdk=iphoneos*]" = "iPhone Developer";
				COPY_PHASE_STRIP = NO;
				GCC_C_LANGUAGE_STANDARD = gnu99;
				GCC_DYNAMIC_NO_PIC = NO;
				GCC_OPTIMIZATION_LEVEL = 0;
				GCC_PREPROCESSOR_DEFINITIONS = (
					"DEBUG=1",
					"$(inherited)",
				);
				GCC_SYMBOLS_PRIVATE_EXTERN = NO;
				GCC_WARN_ABOUT_RETURN_TYPE = YES;
				GCC_WARN_UNINITIALIZED_AUTOS = YES;
				GCC_WARN_UNUSED_VARIABLE = YES;
				IPHONEOS_DEPLOYMENT_TARGET = 6.1;
				ONLY_ACTIVE_ARCH = YES;
				SDKROOT = iphoneos;
				TARGETED_DEVICE_FAMILY = "1,2";
				USER_HEADER_SEARCH_PATHS = "$(SRCROOT)/../engine";
			};
			name = Debug;
		};
		D69DF1A717B81C2800FE1FCC /* Release */ = {
			isa = XCBuildConfiguration;
			buildSettings = {
				ALWAYS_SEARCH_USER_PATHS = NO;
				CLANG_CXX_LANGUAGE_STANDARD = "gnu++0x";
				CLANG_CXX_LIBRARY = "libc++";
				CLANG_WARN_CONSTANT_CONVERSION = YES;
				CLANG_WARN_EMPTY_BODY = YES;
				CLANG_WARN_ENUM_CONVERSION = YES;
				CLANG_WARN_INT_CONVERSION = YES;
				CLANG_WARN__DUPLICATE_METHOD_MATCH = YES;
				CODE_SIGN_IDENTITY = "iPhone Developer";
				"CODE_SIGN_IDENTITY[sdk=iphoneos*]" = "iPhone Developer";
				COPY_PHASE_STRIP = YES;
				GCC_C_LANGUAGE_STANDARD = gnu99;
				GCC_WARN_ABOUT_RETURN_TYPE = YES;
				GCC_WARN_UNINITIALIZED_AUTOS = YES;
				GCC_WARN_UNUSED_VARIABLE = YES;
				IPHONEOS_DEPLOYMENT_TARGET = 6.1;
				OTHER_CFLAGS = "-DNS_BLOCK_ASSERTIONS=1";
				SDKROOT = iphoneos;
				TARGETED_DEVICE_FAMILY = "1,2";
				USER_HEADER_SEARCH_PATHS = "$(SRCROOT)/../engine";
				VALIDATE_PRODUCT = YES;
			};
			name = Release;
		};
		D69DF1A917B81C2800FE1FCC /* Debug */ = {
			isa = XCBuildConfiguration;
			buildSettings = {
				CODE_SIGN_IDENTITY = "iPhone Developer";
				"CODE_SIGN_IDENTITY[sdk=iphoneos*]" = "iPhone Developer";
				GCC_PRECOMPILE_PREFIX_HEADER = YES;
				GCC_PREFIX_HEADER = "";
				"HEADER_SEARCH_PATHS[arch=*]" = "";
				INFOPLIST_FILE = "$(SRCROOT)/zulu_ios/zulu_ios-Info.plist";
				PRODUCT_NAME = zulu_ios;
				PROVISIONING_PROFILE = "";
				WRAPPER_EXTENSION = app;
			};
			name = Debug;
		};
		D69DF1AA17B81C2800FE1FCC /* Release */ = {
			isa = XCBuildConfiguration;
			buildSettings = {
				CODE_SIGN_IDENTITY = "iPhone Developer";
				"CODE_SIGN_IDENTITY[sdk=iphoneos*]" = "iPhone Developer";
				GCC_PRECOMPILE_PREFIX_HEADER = YES;
				GCC_PREFIX_HEADER = "";
				INFOPLIST_FILE = "$(SRCROOT)/zulu_ios/zulu_ios-Info.plist";
				PRODUCT_NAME = zulu_ios;
				PROVISIONING_PROFILE = "";
				WRAPPER_EXTENSION = app;
			};
			name = Release;
		};
/* End XCBuildConfiguration section */

/* Begin XCConfigurationList section */
		D69DF17517B81C2800FE1FCC /* Build configuration list for PBXProject "zulu_ios" */ = {
			isa = XCConfigurationList;
			buildConfigurations = (
				D69DF1A617B81C2800FE1FCC /* Debug */,
				D69DF1A717B81C2800FE1FCC /* Release */,
			);
			defaultConfigurationIsVisible = 0;
			defaultConfigurationName = Release;
		};
		D69DF1A817B81C2800FE1FCC /* Build configuration list for PBXNativeTarget "zulu_ios" */ = {
			isa = XCConfigurationList;
			buildConfigurations = (
				D69DF1A917B81C2800FE1FCC /* Debug */,
				D69DF1AA17B81C2800FE1FCC /* Release */,
			);
			defaultConfigurationIsVisible = 0;
			defaultConfigurationName = Release;
		};
/* End XCConfigurationList section */
	};
	rootObject = D69DF17217B81C2800FE1FCC /* Project object */;
}
